// !$*UTF8*$!
{
	archiveVersion = 1;
	classes = {
	};
	objectVersion = 51;
	objects = {

/* Begin PBXBuildFile section */
		4FCB9A80115E200859219E5B /* Pods_TweetSense.framework in Frameworks */ = {isa = PBXBuildFile; fileRef = 4241DED2DB20195C7EFC0758 /* Pods_TweetSense.framework */; };
		CC4343A623F8EF0600A2D00D /* AnalysisPage.swift in Sources */ = {isa = PBXBuildFile; fileRef = CC4343A523F8EF0600A2D00D /* AnalysisPage.swift */; };
		CC4343A823F8F2C800A2D00D /* String+Extensions.swift in Sources */ = {isa = PBXBuildFile; fileRef = CC4343A723F8F2C800A2D00D /* String+Extensions.swift */; };
		CC4343AA23F90C8700A2D00D /* File.swift in Sources */ = {isa = PBXBuildFile; fileRef = CC4343A923F90C8700A2D00D /* File.swift */; };
		CC68F36023F947E800484216 /* Shared.swift in Sources */ = {isa = PBXBuildFile; fileRef = CC68F35F23F947E800484216 /* Shared.swift */; };
		CC68F36223F947EE00484216 /* ToneAnalyzer.swift in Sources */ = {isa = PBXBuildFile; fileRef = CC68F36123F947EE00484216 /* ToneAnalyzer.swift */; };
		CC68F37C23F9485600484216 /* InsecureConnection.swift in Sources */ = {isa = PBXBuildFile; fileRef = CC68F37B23F9485600484216 /* InsecureConnection.swift */; };
		CC68F38023F94D0100484216 /* DocumentAnalysis.swift in Sources */ = {isa = PBXBuildFile; fileRef = CC68F37F23F94D0100484216 /* DocumentAnalysis.swift */; };
		CC68F38223F94D1800484216 /* SentenceAnalysis.swift in Sources */ = {isa = PBXBuildFile; fileRef = CC68F38123F94D1800484216 /* SentenceAnalysis.swift */; };
		CC68F38423F94D3D00484216 /* ToneAnalysis.swift in Sources */ = {isa = PBXBuildFile; fileRef = CC68F38323F94D3D00484216 /* ToneAnalysis.swift */; };
		CC68F38623F94D6000484216 /* ToneCategory.swift in Sources */ = {isa = PBXBuildFile; fileRef = CC68F38523F94D6000484216 /* ToneCategory.swift */; };
		CC68F38823F94D7A00484216 /* ToneChatInput.swift in Sources */ = {isa = PBXBuildFile; fileRef = CC68F38723F94D7A00484216 /* ToneChatInput.swift */; };
		CC68F38A23F94D9900484216 /* ToneChatScore.swift in Sources */ = {isa = PBXBuildFile; fileRef = CC68F38923F94D9900484216 /* ToneChatScore.swift */; };
		CC68F38C23F94DBC00484216 /* ToneContent.swift in Sources */ = {isa = PBXBuildFile; fileRef = CC68F38B23F94DBC00484216 /* ToneContent.swift */; };
		CC68F38E23F94DEC00484216 /* ToneInput.swift in Sources */ = {isa = PBXBuildFile; fileRef = CC68F38D23F94DEC00484216 /* ToneInput.swift */; };
		CC68F39023F94E0500484216 /* ToneScore.swift in Sources */ = {isa = PBXBuildFile; fileRef = CC68F38F23F94E0500484216 /* ToneScore.swift */; };
		CC68F39223F94E2200484216 /* Utterance.swift in Sources */ = {isa = PBXBuildFile; fileRef = CC68F39123F94E2200484216 /* Utterance.swift */; };
		CC68F39423F94E3900484216 /* UtteranceAnalyses.swift in Sources */ = {isa = PBXBuildFile; fileRef = CC68F39323F94E3900484216 /* UtteranceAnalyses.swift */; };
		CC68F39623F94E5700484216 /* UtteranceAnalysis.swift in Sources */ = {isa = PBXBuildFile; fileRef = CC68F39523F94E5700484216 /* UtteranceAnalysis.swift */; };
		CC68F39823F9514E00484216 /* TopicProfileVC.swift in Sources */ = {isa = PBXBuildFile; fileRef = CC68F39723F9514E00484216 /* TopicProfileVC.swift */; };
		CC68F3AD23F952C500484216 /* ConsumptionPreferences.swift in Sources */ = {isa = PBXBuildFile; fileRef = CC68F3A423F952C500484216 /* ConsumptionPreferences.swift */; };
		CC68F3AE23F952C500484216 /* Profile.swift in Sources */ = {isa = PBXBuildFile; fileRef = CC68F3A523F952C500484216 /* Profile.swift */; };
		CC68F3AF23F952C500484216 /* Content.swift in Sources */ = {isa = PBXBuildFile; fileRef = CC68F3A623F952C500484216 /* Content.swift */; };
		CC68F3B023F952C500484216 /* ContentItem.swift in Sources */ = {isa = PBXBuildFile; fileRef = CC68F3A723F952C500484216 /* ContentItem.swift */; };
		CC68F3B123F952C500484216 /* Behavior.swift in Sources */ = {isa = PBXBuildFile; fileRef = CC68F3A823F952C500484216 /* Behavior.swift */; };
		CC68F3B223F952C500484216 /* ProfileContent.swift in Sources */ = {isa = PBXBuildFile; fileRef = CC68F3A923F952C500484216 /* ProfileContent.swift */; };
		CC68F3B323F952C500484216 /* Warning.swift in Sources */ = {isa = PBXBuildFile; fileRef = CC68F3AA23F952C500484216 /* Warning.swift */; };
		CC68F3B423F952C500484216 /* ConsumptionPreferencesCategory.swift in Sources */ = {isa = PBXBuildFile; fileRef = CC68F3AB23F952C500484216 /* ConsumptionPreferencesCategory.swift */; };
		CC68F3B523F952C500484216 /* Trait.swift in Sources */ = {isa = PBXBuildFile; fileRef = CC68F3AC23F952C500484216 /* Trait.swift */; };
		CC68F3E923F954D100484216 /* TargetedSentimentResults.swift in Sources */ = {isa = PBXBuildFile; fileRef = CC68F3B723F954CB00484216 /* TargetedSentimentResults.swift */; };
		CC68F3EA23F954D100484216 /* TokenResult.swift in Sources */ = {isa = PBXBuildFile; fileRef = CC68F3B823F954CB00484216 /* TokenResult.swift */; };
		CC68F3EB23F954D100484216 /* SentenceResult.swift in Sources */ = {isa = PBXBuildFile; fileRef = CC68F3B923F954CB00484216 /* SentenceResult.swift */; };
		CC68F3EC23F954D100484216 /* AnalysisResultsUsage.swift in Sources */ = {isa = PBXBuildFile; fileRef = CC68F3BA23F954CC00484216 /* AnalysisResultsUsage.swift */; };
		CC68F3ED23F954D100484216 /* CategoriesResultExplanation.swift in Sources */ = {isa = PBXBuildFile; fileRef = CC68F3BB23F954CC00484216 /* CategoriesResultExplanation.swift */; };
		CC68F3EE23F954D100484216 /* DisambiguationResult.swift in Sources */ = {isa = PBXBuildFile; fileRef = CC68F3BC23F954CC00484216 /* DisambiguationResult.swift */; };
		CC68F3EF23F954D100484216 /* Parameters.swift in Sources */ = {isa = PBXBuildFile; fileRef = CC68F3BD23F954CC00484216 /* Parameters.swift */; };
		CC68F3F023F954D100484216 /* SentimentOptions.swift in Sources */ = {isa = PBXBuildFile; fileRef = CC68F3BE23F954CC00484216 /* SentimentOptions.swift */; };
		CC68F3F123F954D100484216 /* SemanticRolesResultSubject.swift in Sources */ = {isa = PBXBuildFile; fileRef = CC68F3BF23F954CC00484216 /* SemanticRolesResultSubject.swift */; };
		CC68F3F223F954D100484216 /* Feed.swift in Sources */ = {isa = PBXBuildFile; fileRef = CC68F3C023F954CC00484216 /* Feed.swift */; };
		CC68F3F323F954D100484216 /* SyntaxOptions.swift in Sources */ = {isa = PBXBuildFile; fileRef = CC68F3C123F954CC00484216 /* SyntaxOptions.swift */; };
		CC68F3F423F954D100484216 /* RelationArgument.swift in Sources */ = {isa = PBXBuildFile; fileRef = CC68F3C223F954CC00484216 /* RelationArgument.swift */; };
		CC68F3F523F954D100484216 /* SemanticRolesEntity.swift in Sources */ = {isa = PBXBuildFile; fileRef = CC68F3C323F954CC00484216 /* SemanticRolesEntity.swift */; };
		CC68F3F623F954D100484216 /* KeywordsOptions.swift in Sources */ = {isa = PBXBuildFile; fileRef = CC68F3C423F954CD00484216 /* KeywordsOptions.swift */; };
		CC68F3F723F954D100484216 /* ConceptsResult.swift in Sources */ = {isa = PBXBuildFile; fileRef = CC68F3C523F954CD00484216 /* ConceptsResult.swift */; };
		CC68F3F823F954D100484216 /* RelationEntity.swift in Sources */ = {isa = PBXBuildFile; fileRef = CC68F3C623F954CD00484216 /* RelationEntity.swift */; };
		CC68F3F923F954D100484216 /* EmotionResult.swift in Sources */ = {isa = PBXBuildFile; fileRef = CC68F3C723F954CD00484216 /* EmotionResult.swift */; };
		CC68F3FA23F954D100484216 /* SemanticRolesKeyword.swift in Sources */ = {isa = PBXBuildFile; fileRef = CC68F3C823F954CD00484216 /* SemanticRolesKeyword.swift */; };
		CC68F3FB23F954D100484216 /* ListModelsResults.swift in Sources */ = {isa = PBXBuildFile; fileRef = CC68F3C923F954CD00484216 /* ListModelsResults.swift */; };
		CC68F3FC23F954D100484216 /* TargetedEmotionResults.swift in Sources */ = {isa = PBXBuildFile; fileRef = CC68F3CA23F954CD00484216 /* TargetedEmotionResults.swift */; };
		CC68F3FD23F954D100484216 /* RelationsResult.swift in Sources */ = {isa = PBXBuildFile; fileRef = CC68F3CB23F954CD00484216 /* RelationsResult.swift */; };
		CC68F3FE23F954D100484216 /* Model.swift in Sources */ = {isa = PBXBuildFile; fileRef = CC68F3CC23F954CE00484216 /* Model.swift */; };
		CC68F3FF23F954D100484216 /* SemanticRolesResultObject.swift in Sources */ = {isa = PBXBuildFile; fileRef = CC68F3CD23F954CE00484216 /* SemanticRolesResultObject.swift */; };
		CC68F40023F954D100484216 /* Author.swift in Sources */ = {isa = PBXBuildFile; fileRef = CC68F3CE23F954CE00484216 /* Author.swift */; };
		CC68F40123F954D100484216 /* SyntaxOptionsTokens.swift in Sources */ = {isa = PBXBuildFile; fileRef = CC68F3CF23F954CE00484216 /* SyntaxOptionsTokens.swift */; };
		CC68F40223F954D100484216 /* SemanticRolesVerb.swift in Sources */ = {isa = PBXBuildFile; fileRef = CC68F3D023F954CE00484216 /* SemanticRolesVerb.swift */; };
		CC68F40323F954D100484216 /* CategoriesOptions.swift in Sources */ = {isa = PBXBuildFile; fileRef = CC68F3D123F954CE00484216 /* CategoriesOptions.swift */; };
		CC68F40423F954D100484216 /* DocumentSentimentResults.swift in Sources */ = {isa = PBXBuildFile; fileRef = CC68F3D223F954CE00484216 /* DocumentSentimentResults.swift */; };
		CC68F40523F954D100484216 /* EntitiesResult.swift in Sources */ = {isa = PBXBuildFile; fileRef = CC68F3D323F954CE00484216 /* EntitiesResult.swift */; };
		CC68F40623F954D100484216 /* EntitiesOptions.swift in Sources */ = {isa = PBXBuildFile; fileRef = CC68F3D423F954CF00484216 /* EntitiesOptions.swift */; };
		CC68F40723F954D100484216 /* SemanticRolesOptions.swift in Sources */ = {isa = PBXBuildFile; fileRef = CC68F3D523F954CF00484216 /* SemanticRolesOptions.swift */; };
		CC68F40823F954D100484216 /* MetadataOptions.swift in Sources */ = {isa = PBXBuildFile; fileRef = CC68F3D623F954CF00484216 /* MetadataOptions.swift */; };
		CC68F40923F954D100484216 /* ConceptsOptions.swift in Sources */ = {isa = PBXBuildFile; fileRef = CC68F3D723F954CF00484216 /* ConceptsOptions.swift */; };
		CC68F40A23F954D100484216 /* SentimentResult.swift in Sources */ = {isa = PBXBuildFile; fileRef = CC68F3D823F954CF00484216 /* SentimentResult.swift */; };
		CC68F40B23F954D100484216 /* AnalysisResultsMetadata.swift in Sources */ = {isa = PBXBuildFile; fileRef = CC68F3D923F954CF00484216 /* AnalysisResultsMetadata.swift */; };
		CC68F40C23F954D100484216 /* EntityMention.swift in Sources */ = {isa = PBXBuildFile; fileRef = CC68F3DA23F954CF00484216 /* EntityMention.swift */; };
		CC68F40D23F954D100484216 /* DeleteModelResults.swift in Sources */ = {isa = PBXBuildFile; fileRef = CC68F3DB23F954D000484216 /* DeleteModelResults.swift */; };
		CC68F40E23F954D100484216 /* SemanticRolesResult.swift in Sources */ = {isa = PBXBuildFile; fileRef = CC68F3DC23F954D000484216 /* SemanticRolesResult.swift */; };
		CC68F40F23F954D100484216 /* FeatureSentimentResults.swift in Sources */ = {isa = PBXBuildFile; fileRef = CC68F3DD23F954D000484216 /* FeatureSentimentResults.swift */; };
		CC68F41023F954D100484216 /* RelationsOptions.swift in Sources */ = {isa = PBXBuildFile; fileRef = CC68F3DE23F954D000484216 /* RelationsOptions.swift */; };
		CC68F41123F954D100484216 /* CategoriesResult.swift in Sources */ = {isa = PBXBuildFile; fileRef = CC68F3DF23F954D000484216 /* CategoriesResult.swift */; };
		CC68F41223F954D100484216 /* EmotionScores.swift in Sources */ = {isa = PBXBuildFile; fileRef = CC68F3E023F954D000484216 /* EmotionScores.swift */; };
		CC68F41323F954D100484216 /* Features.swift in Sources */ = {isa = PBXBuildFile; fileRef = CC68F3E123F954D000484216 /* Features.swift */; };
		CC68F41423F954D100484216 /* SyntaxResult.swift in Sources */ = {isa = PBXBuildFile; fileRef = CC68F3E223F954D000484216 /* SyntaxResult.swift */; };
		CC68F41523F954D100484216 /* DocumentEmotionResults.swift in Sources */ = {isa = PBXBuildFile; fileRef = CC68F3E323F954D100484216 /* DocumentEmotionResults.swift */; };
		CC68F41623F954D100484216 /* SemanticRolesResultAction.swift in Sources */ = {isa = PBXBuildFile; fileRef = CC68F3E423F954D100484216 /* SemanticRolesResultAction.swift */; };
		CC68F41723F954D100484216 /* EmotionOptions.swift in Sources */ = {isa = PBXBuildFile; fileRef = CC68F3E523F954D100484216 /* EmotionOptions.swift */; };
		CC68F41823F954D100484216 /* AnalysisResults.swift in Sources */ = {isa = PBXBuildFile; fileRef = CC68F3E623F954D100484216 /* AnalysisResults.swift */; };
		CC68F41923F954D100484216 /* CategoriesRelevantText.swift in Sources */ = {isa = PBXBuildFile; fileRef = CC68F3E723F954D100484216 /* CategoriesRelevantText.swift */; };
		CC68F41A23F954D100484216 /* KeywordsResult.swift in Sources */ = {isa = PBXBuildFile; fileRef = CC68F3E823F954D100484216 /* KeywordsResult.swift */; };
		CC8D87E723F77C270098E0D5 /* AppDelegate.swift in Sources */ = {isa = PBXBuildFile; fileRef = CC8D87E623F77C270098E0D5 /* AppDelegate.swift */; };
		CC8D87EB23F77C270098E0D5 /* MainVC.swift in Sources */ = {isa = PBXBuildFile; fileRef = CC8D87EA23F77C270098E0D5 /* MainVC.swift */; };
		CC8D87EE23F77C270098E0D5 /* Main.storyboard in Resources */ = {isa = PBXBuildFile; fileRef = CC8D87EC23F77C270098E0D5 /* Main.storyboard */; };
		CC8D87F023F77C280098E0D5 /* Assets.xcassets in Resources */ = {isa = PBXBuildFile; fileRef = CC8D87EF23F77C280098E0D5 /* Assets.xcassets */; };
		CC8D87F323F77C280098E0D5 /* LaunchScreen.storyboard in Resources */ = {isa = PBXBuildFile; fileRef = CC8D87F123F77C280098E0D5 /* LaunchScreen.storyboard */; };
		CC8D87FF23F77EAB0098E0D5 /* MainView.swift in Sources */ = {isa = PBXBuildFile; fileRef = CC8D87FE23F77EAB0098E0D5 /* MainView.swift */; };
		CC8D880123F798D00098E0D5 /* Constants.swift in Sources */ = {isa = PBXBuildFile; fileRef = CC8D880023F798D00098E0D5 /* Constants.swift */; };
		CC8D880623F7B45D0098E0D5 /* UIView+Extensions.swift in Sources */ = {isa = PBXBuildFile; fileRef = CC8D880523F7B45D0098E0D5 /* UIView+Extensions.swift */; };
		CC8D880A23F7C0EE0098E0D5 /* SearchVC.swift in Sources */ = {isa = PBXBuildFile; fileRef = CC8D880923F7C0EE0098E0D5 /* SearchVC.swift */; };
		CC8D880C23F7C3B50098E0D5 /* Main.storyboard in Resources */ = {isa = PBXBuildFile; fileRef = CC8D880B23F7C3B50098E0D5 /* Main.storyboard */; };
		CC8D880F23F86EDD0098E0D5 /* AnalysisUtils.swift in Sources */ = {isa = PBXBuildFile; fileRef = CC8D880E23F86EDD0098E0D5 /* AnalysisUtils.swift */; };
		CC8D881823F880A80098E0D5 /* TwitterCredentials.swift in Sources */ = {isa = PBXBuildFile; fileRef = CC8D881723F880A80098E0D5 /* TwitterCredentials.swift */; };
		CC8D882123F89CE90098E0D5 /* Tweet.swift in Sources */ = {isa = PBXBuildFile; fileRef = CC8D882023F89CE90098E0D5 /* Tweet.swift */; };
		CC8D882323F8BA6C0098E0D5 /* UIImageView+Extensions.swift in Sources */ = {isa = PBXBuildFile; fileRef = CC8D882223F8BA6C0098E0D5 /* UIImageView+Extensions.swift */; };
		CC8D882523F8C6110098E0D5 /* UserProfileVC.swift in Sources */ = {isa = PBXBuildFile; fileRef = CC8D882423F8C6110098E0D5 /* UserProfileVC.swift */; };
/* End PBXBuildFile section */

/* Begin PBXFileReference section */
		1BFAF0F51F62CBDDC6707E6F /* Pods-TweetSense.release.xcconfig */ = {isa = PBXFileReference; includeInIndex = 1; lastKnownFileType = text.xcconfig; name = "Pods-TweetSense.release.xcconfig"; path = "Target Support Files/Pods-TweetSense/Pods-TweetSense.release.xcconfig"; sourceTree = "<group>"; };
		4241DED2DB20195C7EFC0758 /* Pods_TweetSense.framework */ = {isa = PBXFileReference; explicitFileType = wrapper.framework; includeInIndex = 0; path = Pods_TweetSense.framework; sourceTree = BUILT_PRODUCTS_DIR; };
		9D41EFD4B711A2B0F4ED51B6 /* Pods-TweetSense.debug.xcconfig */ = {isa = PBXFileReference; includeInIndex = 1; lastKnownFileType = text.xcconfig; name = "Pods-TweetSense.debug.xcconfig"; path = "Target Support Files/Pods-TweetSense/Pods-TweetSense.debug.xcconfig"; sourceTree = "<group>"; };
		CC4343A523F8EF0600A2D00D /* AnalysisPage.swift */ = {isa = PBXFileReference; lastKnownFileType = sourcecode.swift; path = AnalysisPage.swift; sourceTree = "<group>"; };
		CC4343A723F8F2C800A2D00D /* String+Extensions.swift */ = {isa = PBXFileReference; lastKnownFileType = sourcecode.swift; path = "String+Extensions.swift"; sourceTree = "<group>"; };
		CC4343A923F90C8700A2D00D /* File.swift */ = {isa = PBXFileReference; lastKnownFileType = sourcecode.swift; path = File.swift; sourceTree = "<group>"; };
		CC68F35F23F947E800484216 /* Shared.swift */ = {isa = PBXFileReference; fileEncoding = 4; lastKnownFileType = sourcecode.swift; name = Shared.swift; path = "../../../../../../../Downloads/swift-sdk-master/Source/ToneAnalyzerV3/Shared.swift"; sourceTree = "<group>"; };
		CC68F36123F947EE00484216 /* ToneAnalyzer.swift */ = {isa = PBXFileReference; fileEncoding = 4; lastKnownFileType = sourcecode.swift; name = ToneAnalyzer.swift; path = "../../../../../../../Downloads/swift-sdk-master/Source/ToneAnalyzerV3/ToneAnalyzer.swift"; sourceTree = "<group>"; };
		CC68F37B23F9485600484216 /* InsecureConnection.swift */ = {isa = PBXFileReference; fileEncoding = 4; lastKnownFileType = sourcecode.swift; name = InsecureConnection.swift; path = "../../../../../../../Downloads/swift-sdk-master/Source/SupportingFiles/InsecureConnection.swift"; sourceTree = "<group>"; };
		CC68F37F23F94D0100484216 /* DocumentAnalysis.swift */ = {isa = PBXFileReference; lastKnownFileType = sourcecode.swift; path = DocumentAnalysis.swift; sourceTree = "<group>"; };
		CC68F38123F94D1800484216 /* SentenceAnalysis.swift */ = {isa = PBXFileReference; lastKnownFileType = sourcecode.swift; path = SentenceAnalysis.swift; sourceTree = "<group>"; };
		CC68F38323F94D3D00484216 /* ToneAnalysis.swift */ = {isa = PBXFileReference; lastKnownFileType = sourcecode.swift; path = ToneAnalysis.swift; sourceTree = "<group>"; };
		CC68F38523F94D6000484216 /* ToneCategory.swift */ = {isa = PBXFileReference; lastKnownFileType = sourcecode.swift; path = ToneCategory.swift; sourceTree = "<group>"; };
		CC68F38723F94D7A00484216 /* ToneChatInput.swift */ = {isa = PBXFileReference; lastKnownFileType = sourcecode.swift; path = ToneChatInput.swift; sourceTree = "<group>"; };
		CC68F38923F94D9900484216 /* ToneChatScore.swift */ = {isa = PBXFileReference; lastKnownFileType = sourcecode.swift; path = ToneChatScore.swift; sourceTree = "<group>"; };
		CC68F38B23F94DBC00484216 /* ToneContent.swift */ = {isa = PBXFileReference; lastKnownFileType = sourcecode.swift; path = ToneContent.swift; sourceTree = "<group>"; };
		CC68F38D23F94DEC00484216 /* ToneInput.swift */ = {isa = PBXFileReference; lastKnownFileType = sourcecode.swift; path = ToneInput.swift; sourceTree = "<group>"; };
		CC68F38F23F94E0500484216 /* ToneScore.swift */ = {isa = PBXFileReference; lastKnownFileType = sourcecode.swift; path = ToneScore.swift; sourceTree = "<group>"; };
		CC68F39123F94E2200484216 /* Utterance.swift */ = {isa = PBXFileReference; lastKnownFileType = sourcecode.swift; path = Utterance.swift; sourceTree = "<group>"; };
		CC68F39323F94E3900484216 /* UtteranceAnalyses.swift */ = {isa = PBXFileReference; lastKnownFileType = sourcecode.swift; path = UtteranceAnalyses.swift; sourceTree = "<group>"; };
		CC68F39523F94E5700484216 /* UtteranceAnalysis.swift */ = {isa = PBXFileReference; lastKnownFileType = sourcecode.swift; path = UtteranceAnalysis.swift; sourceTree = "<group>"; };
		CC68F39723F9514E00484216 /* TopicProfileVC.swift */ = {isa = PBXFileReference; lastKnownFileType = sourcecode.swift; path = TopicProfileVC.swift; sourceTree = "<group>"; };
		CC68F3A423F952C500484216 /* ConsumptionPreferences.swift */ = {isa = PBXFileReference; fileEncoding = 4; lastKnownFileType = sourcecode.swift; name = ConsumptionPreferences.swift; path = "../../../../../../../../Downloads/swift-sdk-master-2/Source/PersonalityInsightsV3/Models/ConsumptionPreferences.swift"; sourceTree = "<group>"; };
		CC68F3A523F952C500484216 /* Profile.swift */ = {isa = PBXFileReference; fileEncoding = 4; lastKnownFileType = sourcecode.swift; name = Profile.swift; path = "../../../../../../../../Downloads/swift-sdk-master-2/Source/PersonalityInsightsV3/Models/Profile.swift"; sourceTree = "<group>"; };
		CC68F3A623F952C500484216 /* Content.swift */ = {isa = PBXFileReference; fileEncoding = 4; lastKnownFileType = sourcecode.swift; name = Content.swift; path = "../../../../../../../../Downloads/swift-sdk-master-2/Source/PersonalityInsightsV3/Models/Content.swift"; sourceTree = "<group>"; };
		CC68F3A723F952C500484216 /* ContentItem.swift */ = {isa = PBXFileReference; fileEncoding = 4; lastKnownFileType = sourcecode.swift; name = ContentItem.swift; path = "../../../../../../../../Downloads/swift-sdk-master-2/Source/PersonalityInsightsV3/Models/ContentItem.swift"; sourceTree = "<group>"; };
		CC68F3A823F952C500484216 /* Behavior.swift */ = {isa = PBXFileReference; fileEncoding = 4; lastKnownFileType = sourcecode.swift; name = Behavior.swift; path = "../../../../../../../../Downloads/swift-sdk-master-2/Source/PersonalityInsightsV3/Models/Behavior.swift"; sourceTree = "<group>"; };
		CC68F3A923F952C500484216 /* ProfileContent.swift */ = {isa = PBXFileReference; fileEncoding = 4; lastKnownFileType = sourcecode.swift; name = ProfileContent.swift; path = "../../../../../../../../Downloads/swift-sdk-master-2/Source/PersonalityInsightsV3/Models/ProfileContent.swift"; sourceTree = "<group>"; };
		CC68F3AA23F952C500484216 /* Warning.swift */ = {isa = PBXFileReference; fileEncoding = 4; lastKnownFileType = sourcecode.swift; name = Warning.swift; path = "../../../../../../../../Downloads/swift-sdk-master-2/Source/PersonalityInsightsV3/Models/Warning.swift"; sourceTree = "<group>"; };
		CC68F3AB23F952C500484216 /* ConsumptionPreferencesCategory.swift */ = {isa = PBXFileReference; fileEncoding = 4; lastKnownFileType = sourcecode.swift; name = ConsumptionPreferencesCategory.swift; path = "../../../../../../../../Downloads/swift-sdk-master-2/Source/PersonalityInsightsV3/Models/ConsumptionPreferencesCategory.swift"; sourceTree = "<group>"; };
		CC68F3AC23F952C500484216 /* Trait.swift */ = {isa = PBXFileReference; fileEncoding = 4; lastKnownFileType = sourcecode.swift; name = Trait.swift; path = "../../../../../../../../Downloads/swift-sdk-master-2/Source/PersonalityInsightsV3/Models/Trait.swift"; sourceTree = "<group>"; };
		CC68F3B723F954CB00484216 /* TargetedSentimentResults.swift */ = {isa = PBXFileReference; fileEncoding = 4; lastKnownFileType = sourcecode.swift; name = TargetedSentimentResults.swift; path = "../../../../../../../../Downloads/swift-sdk-master-2/Source/NaturalLanguageUnderstandingV1/Models/TargetedSentimentResults.swift"; sourceTree = "<group>"; };
		CC68F3B823F954CB00484216 /* TokenResult.swift */ = {isa = PBXFileReference; fileEncoding = 4; lastKnownFileType = sourcecode.swift; name = TokenResult.swift; path = "../../../../../../../../Downloads/swift-sdk-master-2/Source/NaturalLanguageUnderstandingV1/Models/TokenResult.swift"; sourceTree = "<group>"; };
		CC68F3B923F954CB00484216 /* SentenceResult.swift */ = {isa = PBXFileReference; fileEncoding = 4; lastKnownFileType = sourcecode.swift; name = SentenceResult.swift; path = "../../../../../../../../Downloads/swift-sdk-master-2/Source/NaturalLanguageUnderstandingV1/Models/SentenceResult.swift"; sourceTree = "<group>"; };
		CC68F3BA23F954CC00484216 /* AnalysisResultsUsage.swift */ = {isa = PBXFileReference; fileEncoding = 4; lastKnownFileType = sourcecode.swift; name = AnalysisResultsUsage.swift; path = "../../../../../../../../Downloads/swift-sdk-master-2/Source/NaturalLanguageUnderstandingV1/Models/AnalysisResultsUsage.swift"; sourceTree = "<group>"; };
		CC68F3BB23F954CC00484216 /* CategoriesResultExplanation.swift */ = {isa = PBXFileReference; fileEncoding = 4; lastKnownFileType = sourcecode.swift; name = CategoriesResultExplanation.swift; path = "../../../../../../../../Downloads/swift-sdk-master-2/Source/NaturalLanguageUnderstandingV1/Models/CategoriesResultExplanation.swift"; sourceTree = "<group>"; };
		CC68F3BC23F954CC00484216 /* DisambiguationResult.swift */ = {isa = PBXFileReference; fileEncoding = 4; lastKnownFileType = sourcecode.swift; name = DisambiguationResult.swift; path = "../../../../../../../../Downloads/swift-sdk-master-2/Source/NaturalLanguageUnderstandingV1/Models/DisambiguationResult.swift"; sourceTree = "<group>"; };
		CC68F3BD23F954CC00484216 /* Parameters.swift */ = {isa = PBXFileReference; fileEncoding = 4; lastKnownFileType = sourcecode.swift; name = Parameters.swift; path = "../../../../../../../../Downloads/swift-sdk-master-2/Source/NaturalLanguageUnderstandingV1/Models/Parameters.swift"; sourceTree = "<group>"; };
		CC68F3BE23F954CC00484216 /* SentimentOptions.swift */ = {isa = PBXFileReference; fileEncoding = 4; lastKnownFileType = sourcecode.swift; name = SentimentOptions.swift; path = "../../../../../../../../Downloads/swift-sdk-master-2/Source/NaturalLanguageUnderstandingV1/Models/SentimentOptions.swift"; sourceTree = "<group>"; };
		CC68F3BF23F954CC00484216 /* SemanticRolesResultSubject.swift */ = {isa = PBXFileReference; fileEncoding = 4; lastKnownFileType = sourcecode.swift; name = SemanticRolesResultSubject.swift; path = "../../../../../../../../Downloads/swift-sdk-master-2/Source/NaturalLanguageUnderstandingV1/Models/SemanticRolesResultSubject.swift"; sourceTree = "<group>"; };
		CC68F3C023F954CC00484216 /* Feed.swift */ = {isa = PBXFileReference; fileEncoding = 4; lastKnownFileType = sourcecode.swift; name = Feed.swift; path = "../../../../../../../../Downloads/swift-sdk-master-2/Source/NaturalLanguageUnderstandingV1/Models/Feed.swift"; sourceTree = "<group>"; };
		CC68F3C123F954CC00484216 /* SyntaxOptions.swift */ = {isa = PBXFileReference; fileEncoding = 4; lastKnownFileType = sourcecode.swift; name = SyntaxOptions.swift; path = "../../../../../../../../Downloads/swift-sdk-master-2/Source/NaturalLanguageUnderstandingV1/Models/SyntaxOptions.swift"; sourceTree = "<group>"; };
		CC68F3C223F954CC00484216 /* RelationArgument.swift */ = {isa = PBXFileReference; fileEncoding = 4; lastKnownFileType = sourcecode.swift; name = RelationArgument.swift; path = "../../../../../../../../Downloads/swift-sdk-master-2/Source/NaturalLanguageUnderstandingV1/Models/RelationArgument.swift"; sourceTree = "<group>"; };
		CC68F3C323F954CC00484216 /* SemanticRolesEntity.swift */ = {isa = PBXFileReference; fileEncoding = 4; lastKnownFileType = sourcecode.swift; name = SemanticRolesEntity.swift; path = "../../../../../../../../Downloads/swift-sdk-master-2/Source/NaturalLanguageUnderstandingV1/Models/SemanticRolesEntity.swift"; sourceTree = "<group>"; };
		CC68F3C423F954CD00484216 /* KeywordsOptions.swift */ = {isa = PBXFileReference; fileEncoding = 4; lastKnownFileType = sourcecode.swift; name = KeywordsOptions.swift; path = "../../../../../../../../Downloads/swift-sdk-master-2/Source/NaturalLanguageUnderstandingV1/Models/KeywordsOptions.swift"; sourceTree = "<group>"; };
		CC68F3C523F954CD00484216 /* ConceptsResult.swift */ = {isa = PBXFileReference; fileEncoding = 4; lastKnownFileType = sourcecode.swift; name = ConceptsResult.swift; path = "../../../../../../../../Downloads/swift-sdk-master-2/Source/NaturalLanguageUnderstandingV1/Models/ConceptsResult.swift"; sourceTree = "<group>"; };
		CC68F3C623F954CD00484216 /* RelationEntity.swift */ = {isa = PBXFileReference; fileEncoding = 4; lastKnownFileType = sourcecode.swift; name = RelationEntity.swift; path = "../../../../../../../../Downloads/swift-sdk-master-2/Source/NaturalLanguageUnderstandingV1/Models/RelationEntity.swift"; sourceTree = "<group>"; };
		CC68F3C723F954CD00484216 /* EmotionResult.swift */ = {isa = PBXFileReference; fileEncoding = 4; lastKnownFileType = sourcecode.swift; name = EmotionResult.swift; path = "../../../../../../../../Downloads/swift-sdk-master-2/Source/NaturalLanguageUnderstandingV1/Models/EmotionResult.swift"; sourceTree = "<group>"; };
		CC68F3C823F954CD00484216 /* SemanticRolesKeyword.swift */ = {isa = PBXFileReference; fileEncoding = 4; lastKnownFileType = sourcecode.swift; name = SemanticRolesKeyword.swift; path = "../../../../../../../../Downloads/swift-sdk-master-2/Source/NaturalLanguageUnderstandingV1/Models/SemanticRolesKeyword.swift"; sourceTree = "<group>"; };
		CC68F3C923F954CD00484216 /* ListModelsResults.swift */ = {isa = PBXFileReference; fileEncoding = 4; lastKnownFileType = sourcecode.swift; name = ListModelsResults.swift; path = "../../../../../../../../Downloads/swift-sdk-master-2/Source/NaturalLanguageUnderstandingV1/Models/ListModelsResults.swift"; sourceTree = "<group>"; };
		CC68F3CA23F954CD00484216 /* TargetedEmotionResults.swift */ = {isa = PBXFileReference; fileEncoding = 4; lastKnownFileType = sourcecode.swift; name = TargetedEmotionResults.swift; path = "../../../../../../../../Downloads/swift-sdk-master-2/Source/NaturalLanguageUnderstandingV1/Models/TargetedEmotionResults.swift"; sourceTree = "<group>"; };
		CC68F3CB23F954CD00484216 /* RelationsResult.swift */ = {isa = PBXFileReference; fileEncoding = 4; lastKnownFileType = sourcecode.swift; name = RelationsResult.swift; path = "../../../../../../../../Downloads/swift-sdk-master-2/Source/NaturalLanguageUnderstandingV1/Models/RelationsResult.swift"; sourceTree = "<group>"; };
		CC68F3CC23F954CE00484216 /* Model.swift */ = {isa = PBXFileReference; fileEncoding = 4; lastKnownFileType = sourcecode.swift; name = Model.swift; path = "../../../../../../../../Downloads/swift-sdk-master-2/Source/NaturalLanguageUnderstandingV1/Models/Model.swift"; sourceTree = "<group>"; };
		CC68F3CD23F954CE00484216 /* SemanticRolesResultObject.swift */ = {isa = PBXFileReference; fileEncoding = 4; lastKnownFileType = sourcecode.swift; name = SemanticRolesResultObject.swift; path = "../../../../../../../../Downloads/swift-sdk-master-2/Source/NaturalLanguageUnderstandingV1/Models/SemanticRolesResultObject.swift"; sourceTree = "<group>"; };
		CC68F3CE23F954CE00484216 /* Author.swift */ = {isa = PBXFileReference; fileEncoding = 4; lastKnownFileType = sourcecode.swift; name = Author.swift; path = "../../../../../../../../Downloads/swift-sdk-master-2/Source/NaturalLanguageUnderstandingV1/Models/Author.swift"; sourceTree = "<group>"; };
		CC68F3CF23F954CE00484216 /* SyntaxOptionsTokens.swift */ = {isa = PBXFileReference; fileEncoding = 4; lastKnownFileType = sourcecode.swift; name = SyntaxOptionsTokens.swift; path = "../../../../../../../../Downloads/swift-sdk-master-2/Source/NaturalLanguageUnderstandingV1/Models/SyntaxOptionsTokens.swift"; sourceTree = "<group>"; };
		CC68F3D023F954CE00484216 /* SemanticRolesVerb.swift */ = {isa = PBXFileReference; fileEncoding = 4; lastKnownFileType = sourcecode.swift; name = SemanticRolesVerb.swift; path = "../../../../../../../../Downloads/swift-sdk-master-2/Source/NaturalLanguageUnderstandingV1/Models/SemanticRolesVerb.swift"; sourceTree = "<group>"; };
		CC68F3D123F954CE00484216 /* CategoriesOptions.swift */ = {isa = PBXFileReference; fileEncoding = 4; lastKnownFileType = sourcecode.swift; name = CategoriesOptions.swift; path = "../../../../../../../../Downloads/swift-sdk-master-2/Source/NaturalLanguageUnderstandingV1/Models/CategoriesOptions.swift"; sourceTree = "<group>"; };
		CC68F3D223F954CE00484216 /* DocumentSentimentResults.swift */ = {isa = PBXFileReference; fileEncoding = 4; lastKnownFileType = sourcecode.swift; name = DocumentSentimentResults.swift; path = "../../../../../../../../Downloads/swift-sdk-master-2/Source/NaturalLanguageUnderstandingV1/Models/DocumentSentimentResults.swift"; sourceTree = "<group>"; };
		CC68F3D323F954CE00484216 /* EntitiesResult.swift */ = {isa = PBXFileReference; fileEncoding = 4; lastKnownFileType = sourcecode.swift; name = EntitiesResult.swift; path = "../../../../../../../../Downloads/swift-sdk-master-2/Source/NaturalLanguageUnderstandingV1/Models/EntitiesResult.swift"; sourceTree = "<group>"; };
		CC68F3D423F954CF00484216 /* EntitiesOptions.swift */ = {isa = PBXFileReference; fileEncoding = 4; lastKnownFileType = sourcecode.swift; name = EntitiesOptions.swift; path = "../../../../../../../../Downloads/swift-sdk-master-2/Source/NaturalLanguageUnderstandingV1/Models/EntitiesOptions.swift"; sourceTree = "<group>"; };
		CC68F3D523F954CF00484216 /* SemanticRolesOptions.swift */ = {isa = PBXFileReference; fileEncoding = 4; lastKnownFileType = sourcecode.swift; name = SemanticRolesOptions.swift; path = "../../../../../../../../Downloads/swift-sdk-master-2/Source/NaturalLanguageUnderstandingV1/Models/SemanticRolesOptions.swift"; sourceTree = "<group>"; };
		CC68F3D623F954CF00484216 /* MetadataOptions.swift */ = {isa = PBXFileReference; fileEncoding = 4; lastKnownFileType = sourcecode.swift; name = MetadataOptions.swift; path = "../../../../../../../../Downloads/swift-sdk-master-2/Source/NaturalLanguageUnderstandingV1/Models/MetadataOptions.swift"; sourceTree = "<group>"; };
		CC68F3D723F954CF00484216 /* ConceptsOptions.swift */ = {isa = PBXFileReference; fileEncoding = 4; lastKnownFileType = sourcecode.swift; name = ConceptsOptions.swift; path = "../../../../../../../../Downloads/swift-sdk-master-2/Source/NaturalLanguageUnderstandingV1/Models/ConceptsOptions.swift"; sourceTree = "<group>"; };
		CC68F3D823F954CF00484216 /* SentimentResult.swift */ = {isa = PBXFileReference; fileEncoding = 4; lastKnownFileType = sourcecode.swift; name = SentimentResult.swift; path = "../../../../../../../../Downloads/swift-sdk-master-2/Source/NaturalLanguageUnderstandingV1/Models/SentimentResult.swift"; sourceTree = "<group>"; };
		CC68F3D923F954CF00484216 /* AnalysisResultsMetadata.swift */ = {isa = PBXFileReference; fileEncoding = 4; lastKnownFileType = sourcecode.swift; name = AnalysisResultsMetadata.swift; path = "../../../../../../../../Downloads/swift-sdk-master-2/Source/NaturalLanguageUnderstandingV1/Models/AnalysisResultsMetadata.swift"; sourceTree = "<group>"; };
		CC68F3DA23F954CF00484216 /* EntityMention.swift */ = {isa = PBXFileReference; fileEncoding = 4; lastKnownFileType = sourcecode.swift; name = EntityMention.swift; path = "../../../../../../../../Downloads/swift-sdk-master-2/Source/NaturalLanguageUnderstandingV1/Models/EntityMention.swift"; sourceTree = "<group>"; };
		CC68F3DB23F954D000484216 /* DeleteModelResults.swift */ = {isa = PBXFileReference; fileEncoding = 4; lastKnownFileType = sourcecode.swift; name = DeleteModelResults.swift; path = "../../../../../../../../Downloads/swift-sdk-master-2/Source/NaturalLanguageUnderstandingV1/Models/DeleteModelResults.swift"; sourceTree = "<group>"; };
		CC68F3DC23F954D000484216 /* SemanticRolesResult.swift */ = {isa = PBXFileReference; fileEncoding = 4; lastKnownFileType = sourcecode.swift; name = SemanticRolesResult.swift; path = "../../../../../../../../Downloads/swift-sdk-master-2/Source/NaturalLanguageUnderstandingV1/Models/SemanticRolesResult.swift"; sourceTree = "<group>"; };
		CC68F3DD23F954D000484216 /* FeatureSentimentResults.swift */ = {isa = PBXFileReference; fileEncoding = 4; lastKnownFileType = sourcecode.swift; name = FeatureSentimentResults.swift; path = "../../../../../../../../Downloads/swift-sdk-master-2/Source/NaturalLanguageUnderstandingV1/Models/FeatureSentimentResults.swift"; sourceTree = "<group>"; };
		CC68F3DE23F954D000484216 /* RelationsOptions.swift */ = {isa = PBXFileReference; fileEncoding = 4; lastKnownFileType = sourcecode.swift; name = RelationsOptions.swift; path = "../../../../../../../../Downloads/swift-sdk-master-2/Source/NaturalLanguageUnderstandingV1/Models/RelationsOptions.swift"; sourceTree = "<group>"; };
		CC68F3DF23F954D000484216 /* CategoriesResult.swift */ = {isa = PBXFileReference; fileEncoding = 4; lastKnownFileType = sourcecode.swift; name = CategoriesResult.swift; path = "../../../../../../../../Downloads/swift-sdk-master-2/Source/NaturalLanguageUnderstandingV1/Models/CategoriesResult.swift"; sourceTree = "<group>"; };
		CC68F3E023F954D000484216 /* EmotionScores.swift */ = {isa = PBXFileReference; fileEncoding = 4; lastKnownFileType = sourcecode.swift; name = EmotionScores.swift; path = "../../../../../../../../Downloads/swift-sdk-master-2/Source/NaturalLanguageUnderstandingV1/Models/EmotionScores.swift"; sourceTree = "<group>"; };
		CC68F3E123F954D000484216 /* Features.swift */ = {isa = PBXFileReference; fileEncoding = 4; lastKnownFileType = sourcecode.swift; name = Features.swift; path = "../../../../../../../../Downloads/swift-sdk-master-2/Source/NaturalLanguageUnderstandingV1/Models/Features.swift"; sourceTree = "<group>"; };
		CC68F3E223F954D000484216 /* SyntaxResult.swift */ = {isa = PBXFileReference; fileEncoding = 4; lastKnownFileType = sourcecode.swift; name = SyntaxResult.swift; path = "../../../../../../../../Downloads/swift-sdk-master-2/Source/NaturalLanguageUnderstandingV1/Models/SyntaxResult.swift"; sourceTree = "<group>"; };
		CC68F3E323F954D100484216 /* DocumentEmotionResults.swift */ = {isa = PBXFileReference; fileEncoding = 4; lastKnownFileType = sourcecode.swift; name = DocumentEmotionResults.swift; path = "../../../../../../../../Downloads/swift-sdk-master-2/Source/NaturalLanguageUnderstandingV1/Models/DocumentEmotionResults.swift"; sourceTree = "<group>"; };
		CC68F3E423F954D100484216 /* SemanticRolesResultAction.swift */ = {isa = PBXFileReference; fileEncoding = 4; lastKnownFileType = sourcecode.swift; name = SemanticRolesResultAction.swift; path = "../../../../../../../../Downloads/swift-sdk-master-2/Source/NaturalLanguageUnderstandingV1/Models/SemanticRolesResultAction.swift"; sourceTree = "<group>"; };
		CC68F3E523F954D100484216 /* EmotionOptions.swift */ = {isa = PBXFileReference; fileEncoding = 4; lastKnownFileType = sourcecode.swift; name = EmotionOptions.swift; path = "../../../../../../../../Downloads/swift-sdk-master-2/Source/NaturalLanguageUnderstandingV1/Models/EmotionOptions.swift"; sourceTree = "<group>"; };
		CC68F3E623F954D100484216 /* AnalysisResults.swift */ = {isa = PBXFileReference; fileEncoding = 4; lastKnownFileType = sourcecode.swift; name = AnalysisResults.swift; path = "../../../../../../../../Downloads/swift-sdk-master-2/Source/NaturalLanguageUnderstandingV1/Models/AnalysisResults.swift"; sourceTree = "<group>"; };
		CC68F3E723F954D100484216 /* CategoriesRelevantText.swift */ = {isa = PBXFileReference; fileEncoding = 4; lastKnownFileType = sourcecode.swift; name = CategoriesRelevantText.swift; path = "../../../../../../../../Downloads/swift-sdk-master-2/Source/NaturalLanguageUnderstandingV1/Models/CategoriesRelevantText.swift"; sourceTree = "<group>"; };
		CC68F3E823F954D100484216 /* KeywordsResult.swift */ = {isa = PBXFileReference; fileEncoding = 4; lastKnownFileType = sourcecode.swift; name = KeywordsResult.swift; path = "../../../../../../../../Downloads/swift-sdk-master-2/Source/NaturalLanguageUnderstandingV1/Models/KeywordsResult.swift"; sourceTree = "<group>"; };
		CC8D87E323F77C270098E0D5 /* TweetSense.app */ = {isa = PBXFileReference; explicitFileType = wrapper.application; includeInIndex = 0; path = TweetSense.app; sourceTree = BUILT_PRODUCTS_DIR; };
		CC8D87E623F77C270098E0D5 /* AppDelegate.swift */ = {isa = PBXFileReference; lastKnownFileType = sourcecode.swift; path = AppDelegate.swift; sourceTree = "<group>"; };
		CC8D87EA23F77C270098E0D5 /* MainVC.swift */ = {isa = PBXFileReference; lastKnownFileType = sourcecode.swift; path = MainVC.swift; sourceTree = "<group>"; };
		CC8D87ED23F77C270098E0D5 /* Base */ = {isa = PBXFileReference; lastKnownFileType = file.storyboard; name = Base; path = Base.lproj/Main.storyboard; sourceTree = "<group>"; };
		CC8D87EF23F77C280098E0D5 /* Assets.xcassets */ = {isa = PBXFileReference; lastKnownFileType = folder.assetcatalog; path = Assets.xcassets; sourceTree = "<group>"; };
		CC8D87F223F77C280098E0D5 /* Base */ = {isa = PBXFileReference; lastKnownFileType = file.storyboard; name = Base; path = Base.lproj/LaunchScreen.storyboard; sourceTree = "<group>"; };
		CC8D87F423F77C280098E0D5 /* Info.plist */ = {isa = PBXFileReference; lastKnownFileType = text.plist.xml; path = Info.plist; sourceTree = "<group>"; };
		CC8D87FE23F77EAB0098E0D5 /* MainView.swift */ = {isa = PBXFileReference; lastKnownFileType = sourcecode.swift; path = MainView.swift; sourceTree = "<group>"; };
		CC8D880023F798D00098E0D5 /* Constants.swift */ = {isa = PBXFileReference; lastKnownFileType = sourcecode.swift; path = Constants.swift; sourceTree = "<group>"; };
		CC8D880523F7B45D0098E0D5 /* UIView+Extensions.swift */ = {isa = PBXFileReference; lastKnownFileType = sourcecode.swift; path = "UIView+Extensions.swift"; sourceTree = "<group>"; };
		CC8D880923F7C0EE0098E0D5 /* SearchVC.swift */ = {isa = PBXFileReference; lastKnownFileType = sourcecode.swift; path = SearchVC.swift; sourceTree = "<group>"; };
		CC8D880B23F7C3B50098E0D5 /* Main.storyboard */ = {isa = PBXFileReference; lastKnownFileType = file.storyboard; path = Main.storyboard; sourceTree = "<group>"; };
		CC8D880E23F86EDD0098E0D5 /* AnalysisUtils.swift */ = {isa = PBXFileReference; lastKnownFileType = sourcecode.swift; path = AnalysisUtils.swift; sourceTree = "<group>"; };
		CC8D881723F880A80098E0D5 /* TwitterCredentials.swift */ = {isa = PBXFileReference; lastKnownFileType = sourcecode.swift; path = TwitterCredentials.swift; sourceTree = "<group>"; };
		CC8D882023F89CE90098E0D5 /* Tweet.swift */ = {isa = PBXFileReference; lastKnownFileType = sourcecode.swift; path = Tweet.swift; sourceTree = "<group>"; };
		CC8D882223F8BA6C0098E0D5 /* UIImageView+Extensions.swift */ = {isa = PBXFileReference; lastKnownFileType = sourcecode.swift; path = "UIImageView+Extensions.swift"; sourceTree = "<group>"; };
		CC8D882423F8C6110098E0D5 /* UserProfileVC.swift */ = {isa = PBXFileReference; lastKnownFileType = sourcecode.swift; path = UserProfileVC.swift; sourceTree = "<group>"; };
/* End PBXFileReference section */

/* Begin PBXFrameworksBuildPhase section */
		CC8D87E023F77C270098E0D5 /* Frameworks */ = {
			isa = PBXFrameworksBuildPhase;
			buildActionMask = 2147483647;
			files = (
				4FCB9A80115E200859219E5B /* Pods_TweetSense.framework in Frameworks */,
			);
			runOnlyForDeploymentPostprocessing = 0;
		};
/* End PBXFrameworksBuildPhase section */

/* Begin PBXGroup section */
		B26739465CE8D13BC675FCEA /* Frameworks */ = {
			isa = PBXGroup;
			children = (
				4241DED2DB20195C7EFC0758 /* Pods_TweetSense.framework */,
			);
			name = Frameworks;
			sourceTree = "<group>";
		};
		CC68F35E23F947BB00484216 /* Watson */ = {
			isa = PBXGroup;
			children = (
				CC68F3B623F954B200484216 /* Natural Language */,
				CC68F3A323F952B000484216 /* Personality */,
				CC68F39923F9524F00484216 /* ToneAnalyzer */,
				CC68F37B23F9485600484216 /* InsecureConnection.swift */,
				CC68F35F23F947E800484216 /* Shared.swift */,
				CC68F36123F947EE00484216 /* ToneAnalyzer.swift */,
			);
			path = Watson;
			sourceTree = "<group>";
		};
		CC68F39923F9524F00484216 /* ToneAnalyzer */ = {
			isa = PBXGroup;
			children = (
				CC68F37F23F94D0100484216 /* DocumentAnalysis.swift */,
				CC68F38123F94D1800484216 /* SentenceAnalysis.swift */,
				CC68F38323F94D3D00484216 /* ToneAnalysis.swift */,
				CC68F38523F94D6000484216 /* ToneCategory.swift */,
				CC68F38723F94D7A00484216 /* ToneChatInput.swift */,
				CC68F38923F94D9900484216 /* ToneChatScore.swift */,
				CC68F38B23F94DBC00484216 /* ToneContent.swift */,
				CC68F38D23F94DEC00484216 /* ToneInput.swift */,
				CC68F38F23F94E0500484216 /* ToneScore.swift */,
				CC68F39123F94E2200484216 /* Utterance.swift */,
				CC68F39323F94E3900484216 /* UtteranceAnalyses.swift */,
				CC68F39523F94E5700484216 /* UtteranceAnalysis.swift */,
			);
			path = ToneAnalyzer;
			sourceTree = "<group>";
		};
		CC68F3A323F952B000484216 /* Personality */ = {
			isa = PBXGroup;
			children = (
				CC68F3A823F952C500484216 /* Behavior.swift */,
				CC68F3A423F952C500484216 /* ConsumptionPreferences.swift */,
				CC68F3AB23F952C500484216 /* ConsumptionPreferencesCategory.swift */,
				CC68F3A623F952C500484216 /* Content.swift */,
				CC68F3A723F952C500484216 /* ContentItem.swift */,
				CC68F3A523F952C500484216 /* Profile.swift */,
				CC68F3A923F952C500484216 /* ProfileContent.swift */,
				CC68F3AC23F952C500484216 /* Trait.swift */,
				CC68F3AA23F952C500484216 /* Warning.swift */,
			);
			path = Personality;
			sourceTree = "<group>";
		};
		CC68F3B623F954B200484216 /* Natural Language */ = {
			isa = PBXGroup;
			children = (
				CC68F3E623F954D100484216 /* AnalysisResults.swift */,
				CC68F3D923F954CF00484216 /* AnalysisResultsMetadata.swift */,
				CC68F3BA23F954CC00484216 /* AnalysisResultsUsage.swift */,
				CC68F3CE23F954CE00484216 /* Author.swift */,
				CC68F3D123F954CE00484216 /* CategoriesOptions.swift */,
				CC68F3E723F954D100484216 /* CategoriesRelevantText.swift */,
				CC68F3DF23F954D000484216 /* CategoriesResult.swift */,
				CC68F3BB23F954CC00484216 /* CategoriesResultExplanation.swift */,
				CC68F3D723F954CF00484216 /* ConceptsOptions.swift */,
				CC68F3C523F954CD00484216 /* ConceptsResult.swift */,
				CC68F3DB23F954D000484216 /* DeleteModelResults.swift */,
				CC68F3BC23F954CC00484216 /* DisambiguationResult.swift */,
				CC68F3E323F954D100484216 /* DocumentEmotionResults.swift */,
				CC68F3D223F954CE00484216 /* DocumentSentimentResults.swift */,
				CC68F3E523F954D100484216 /* EmotionOptions.swift */,
				CC68F3C723F954CD00484216 /* EmotionResult.swift */,
				CC68F3E023F954D000484216 /* EmotionScores.swift */,
				CC68F3D423F954CF00484216 /* EntitiesOptions.swift */,
				CC68F3D323F954CE00484216 /* EntitiesResult.swift */,
				CC68F3DA23F954CF00484216 /* EntityMention.swift */,
				CC68F3E123F954D000484216 /* Features.swift */,
				CC68F3DD23F954D000484216 /* FeatureSentimentResults.swift */,
				CC68F3C023F954CC00484216 /* Feed.swift */,
				CC68F3C423F954CD00484216 /* KeywordsOptions.swift */,
				CC68F3E823F954D100484216 /* KeywordsResult.swift */,
				CC68F3C923F954CD00484216 /* ListModelsResults.swift */,
				CC68F3D623F954CF00484216 /* MetadataOptions.swift */,
				CC68F3CC23F954CE00484216 /* Model.swift */,
				CC68F3BD23F954CC00484216 /* Parameters.swift */,
				CC68F3C223F954CC00484216 /* RelationArgument.swift */,
				CC68F3C623F954CD00484216 /* RelationEntity.swift */,
				CC68F3DE23F954D000484216 /* RelationsOptions.swift */,
				CC68F3CB23F954CD00484216 /* RelationsResult.swift */,
				CC68F3C323F954CC00484216 /* SemanticRolesEntity.swift */,
				CC68F3C823F954CD00484216 /* SemanticRolesKeyword.swift */,
				CC68F3D523F954CF00484216 /* SemanticRolesOptions.swift */,
				CC68F3DC23F954D000484216 /* SemanticRolesResult.swift */,
				CC68F3E423F954D100484216 /* SemanticRolesResultAction.swift */,
				CC68F3CD23F954CE00484216 /* SemanticRolesResultObject.swift */,
				CC68F3BF23F954CC00484216 /* SemanticRolesResultSubject.swift */,
				CC68F3D023F954CE00484216 /* SemanticRolesVerb.swift */,
				CC68F3B923F954CB00484216 /* SentenceResult.swift */,
				CC68F3BE23F954CC00484216 /* SentimentOptions.swift */,
				CC68F3D823F954CF00484216 /* SentimentResult.swift */,
				CC68F3C123F954CC00484216 /* SyntaxOptions.swift */,
				CC68F3CF23F954CE00484216 /* SyntaxOptionsTokens.swift */,
				CC68F3E223F954D000484216 /* SyntaxResult.swift */,
				CC68F3CA23F954CD00484216 /* TargetedEmotionResults.swift */,
				CC68F3B723F954CB00484216 /* TargetedSentimentResults.swift */,
				CC68F3B823F954CB00484216 /* TokenResult.swift */,
			);
			path = "Natural Language";
			sourceTree = "<group>";
		};
		CC8D87DA23F77C270098E0D5 = {
			isa = PBXGroup;
			children = (
				CC8D87E523F77C270098E0D5 /* TweetSense */,
				CC8D87E423F77C270098E0D5 /* Products */,
				E2C7006DB770BE60122CC647 /* Pods */,
				B26739465CE8D13BC675FCEA /* Frameworks */,
			);
			sourceTree = "<group>";
		};
		CC8D87E423F77C270098E0D5 /* Products */ = {
			isa = PBXGroup;
			children = (
				CC8D87E323F77C270098E0D5 /* TweetSense.app */,
			);
			name = Products;
			sourceTree = "<group>";
		};
		CC8D87E523F77C270098E0D5 /* TweetSense */ = {
			isa = PBXGroup;
			children = (
				CC68F35E23F947BB00484216 /* Watson */,
				CC8D880D23F86ECE0098E0D5 /* Utils */,
				CC8D880423F7B4530098E0D5 /* Extensions */,
				CC8D87FA23F77D360098E0D5 /* View */,
				CC8D87FB23F77D390098E0D5 /* Model */,
				CC8D87FC23F77D3F0098E0D5 /* Controller */,
				CC8D87EC23F77C270098E0D5 /* Main.storyboard */,
				CC8D87FD23F77D450098E0D5 /* Supporting Files */,
				CC8D87F423F77C280098E0D5 /* Info.plist */,
			);
			path = TweetSense;
			sourceTree = "<group>";
		};
		CC8D87FA23F77D360098E0D5 /* View */ = {
			isa = PBXGroup;
			children = (
				CC8D87FE23F77EAB0098E0D5 /* MainView.swift */,
				CC8D880B23F7C3B50098E0D5 /* Main.storyboard */,
			);
			path = View;
			sourceTree = "<group>";
		};
		CC8D87FB23F77D390098E0D5 /* Model */ = {
			isa = PBXGroup;
			children = (
				CC8D882023F89CE90098E0D5 /* Tweet.swift */,
				CC4343A523F8EF0600A2D00D /* AnalysisPage.swift */,
			);
			path = Model;
			sourceTree = "<group>";
		};
		CC8D87FC23F77D3F0098E0D5 /* Controller */ = {
			isa = PBXGroup;
			children = (
				CC8D87EA23F77C270098E0D5 /* MainVC.swift */,
				CC8D880923F7C0EE0098E0D5 /* SearchVC.swift */,
				CC8D882423F8C6110098E0D5 /* UserProfileVC.swift */,
				CC68F39723F9514E00484216 /* TopicProfileVC.swift */,
			);
			path = Controller;
			sourceTree = "<group>";
		};
		CC8D87FD23F77D450098E0D5 /* Supporting Files */ = {
			isa = PBXGroup;
			children = (
				CC8D87E623F77C270098E0D5 /* AppDelegate.swift */,
				CC8D87EF23F77C280098E0D5 /* Assets.xcassets */,
				CC8D87F123F77C280098E0D5 /* LaunchScreen.storyboard */,
				CC8D880023F798D00098E0D5 /* Constants.swift */,
			);
			path = "Supporting Files";
			sourceTree = "<group>";
		};
		CC8D880423F7B4530098E0D5 /* Extensions */ = {
			isa = PBXGroup;
			children = (
				CC8D880523F7B45D0098E0D5 /* UIView+Extensions.swift */,
				CC8D882223F8BA6C0098E0D5 /* UIImageView+Extensions.swift */,
				CC4343A723F8F2C800A2D00D /* String+Extensions.swift */,
			);
			path = Extensions;
			sourceTree = "<group>";
		};
		CC8D880D23F86ECE0098E0D5 /* Utils */ = {
			isa = PBXGroup;
			children = (
				CC8D880E23F86EDD0098E0D5 /* AnalysisUtils.swift */,
				CC8D881723F880A80098E0D5 /* TwitterCredentials.swift */,
				CC4343A923F90C8700A2D00D /* File.swift */,
			);
			path = Utils;
			sourceTree = "<group>";
		};
		E2C7006DB770BE60122CC647 /* Pods */ = {
			isa = PBXGroup;
			children = (
				9D41EFD4B711A2B0F4ED51B6 /* Pods-TweetSense.debug.xcconfig */,
				1BFAF0F51F62CBDDC6707E6F /* Pods-TweetSense.release.xcconfig */,
			);
			path = Pods;
			sourceTree = "<group>";
		};
/* End PBXGroup section */

/* Begin PBXNativeTarget section */
		CC8D87E223F77C270098E0D5 /* TweetSense */ = {
			isa = PBXNativeTarget;
			buildConfigurationList = CC8D87F723F77C280098E0D5 /* Build configuration list for PBXNativeTarget "TweetSense" */;
			buildPhases = (
				8BAED0612CC3F3BFC635DCBE /* [CP] Check Pods Manifest.lock */,
				CC8D87DF23F77C270098E0D5 /* Sources */,
				CC8D87E023F77C270098E0D5 /* Frameworks */,
				CC8D87E123F77C270098E0D5 /* Resources */,
				0CE2D255A2B5B8A0BCA13D7E /* [CP] Embed Pods Frameworks */,
			);
			buildRules = (
			);
			dependencies = (
			);
			name = TweetSense;
			productName = TweetSense;
			productReference = CC8D87E323F77C270098E0D5 /* TweetSense.app */;
			productType = "com.apple.product-type.application";
		};
/* End PBXNativeTarget section */

/* Begin PBXProject section */
		CC8D87DB23F77C270098E0D5 /* Project object */ = {
			isa = PBXProject;
			attributes = {
				LastSwiftUpdateCheck = 1130;
				LastUpgradeCheck = 1130;
				ORGANIZATIONNAME = "Vlad Munteanu";
				TargetAttributes = {
					CC8D87E223F77C270098E0D5 = {
						CreatedOnToolsVersion = 11.3.1;
					};
				};
			};
			buildConfigurationList = CC8D87DE23F77C270098E0D5 /* Build configuration list for PBXProject "TweetSense" */;
			compatibilityVersion = "Xcode 9.3";
			developmentRegion = en;
			hasScannedForEncodings = 0;
			knownRegions = (
				en,
				Base,
			);
			mainGroup = CC8D87DA23F77C270098E0D5;
			productRefGroup = CC8D87E423F77C270098E0D5 /* Products */;
			projectDirPath = "";
			projectRoot = "";
			targets = (
				CC8D87E223F77C270098E0D5 /* TweetSense */,
			);
		};
/* End PBXProject section */

/* Begin PBXResourcesBuildPhase section */
		CC8D87E123F77C270098E0D5 /* Resources */ = {
			isa = PBXResourcesBuildPhase;
			buildActionMask = 2147483647;
			files = (
				CC8D87F323F77C280098E0D5 /* LaunchScreen.storyboard in Resources */,
				CC8D880C23F7C3B50098E0D5 /* Main.storyboard in Resources */,
				CC8D87F023F77C280098E0D5 /* Assets.xcassets in Resources */,
				CC8D87EE23F77C270098E0D5 /* Main.storyboard in Resources */,
			);
			runOnlyForDeploymentPostprocessing = 0;
		};
/* End PBXResourcesBuildPhase section */

/* Begin PBXShellScriptBuildPhase section */
		0CE2D255A2B5B8A0BCA13D7E /* [CP] Embed Pods Frameworks */ = {
			isa = PBXShellScriptBuildPhase;
			buildActionMask = 2147483647;
			files = (
			);
			inputFileListPaths = (
				"${PODS_ROOT}/Target Support Files/Pods-TweetSense/Pods-TweetSense-frameworks-${CONFIGURATION}-input-files.xcfilelist",
			);
			name = "[CP] Embed Pods Frameworks";
			outputFileListPaths = (
				"${PODS_ROOT}/Target Support Files/Pods-TweetSense/Pods-TweetSense-frameworks-${CONFIGURATION}-output-files.xcfilelist",
			);
			runOnlyForDeploymentPostprocessing = 0;
			shellPath = /bin/sh;
			shellScript = "\"${PODS_ROOT}/Target Support Files/Pods-TweetSense/Pods-TweetSense-frameworks.sh\"\n";
			showEnvVarsInLog = 0;
		};
		8BAED0612CC3F3BFC635DCBE /* [CP] Check Pods Manifest.lock */ = {
			isa = PBXShellScriptBuildPhase;
			buildActionMask = 2147483647;
			files = (
			);
			inputFileListPaths = (
			);
			inputPaths = (
				"${PODS_PODFILE_DIR_PATH}/Podfile.lock",
				"${PODS_ROOT}/Manifest.lock",
			);
			name = "[CP] Check Pods Manifest.lock";
			outputFileListPaths = (
			);
			outputPaths = (
				"$(DERIVED_FILE_DIR)/Pods-TweetSense-checkManifestLockResult.txt",
			);
			runOnlyForDeploymentPostprocessing = 0;
			shellPath = /bin/sh;
			shellScript = "diff \"${PODS_PODFILE_DIR_PATH}/Podfile.lock\" \"${PODS_ROOT}/Manifest.lock\" > /dev/null\nif [ $? != 0 ] ; then\n    # print error to STDERR\n    echo \"error: The sandbox is not in sync with the Podfile.lock. Run 'pod install' or update your CocoaPods installation.\" >&2\n    exit 1\nfi\n# This output is used by Xcode 'outputs' to avoid re-running this script phase.\necho \"SUCCESS\" > \"${SCRIPT_OUTPUT_FILE_0}\"\n";
			showEnvVarsInLog = 0;
		};
/* End PBXShellScriptBuildPhase section */

/* Begin PBXSourcesBuildPhase section */
		CC8D87DF23F77C270098E0D5 /* Sources */ = {
			isa = PBXSourcesBuildPhase;
			buildActionMask = 2147483647;
			files = (
				CC68F41423F954D100484216 /* SyntaxResult.swift in Sources */,
				CC68F39223F94E2200484216 /* Utterance.swift in Sources */,
				CC68F37C23F9485600484216 /* InsecureConnection.swift in Sources */,
				CC68F3FE23F954D100484216 /* Model.swift in Sources */,
				CC68F41723F954D100484216 /* EmotionOptions.swift in Sources */,
				CC68F40923F954D100484216 /* ConceptsOptions.swift in Sources */,
				CC68F36023F947E800484216 /* Shared.swift in Sources */,
				CC68F40D23F954D100484216 /* DeleteModelResults.swift in Sources */,
				CC68F3F723F954D100484216 /* ConceptsResult.swift in Sources */,
				CC68F3FC23F954D100484216 /* TargetedEmotionResults.swift in Sources */,
				CC68F38023F94D0100484216 /* DocumentAnalysis.swift in Sources */,
				CC68F3FF23F954D100484216 /* SemanticRolesResultObject.swift in Sources */,
				CC68F41523F954D100484216 /* DocumentEmotionResults.swift in Sources */,
				CC68F3B023F952C500484216 /* ContentItem.swift in Sources */,
				CC8D882323F8BA6C0098E0D5 /* UIImageView+Extensions.swift in Sources */,
				CC68F3FD23F954D100484216 /* RelationsResult.swift in Sources */,
				CC68F3B123F952C500484216 /* Behavior.swift in Sources */,
				CC68F40023F954D100484216 /* Author.swift in Sources */,
				CC68F40C23F954D100484216 /* EntityMention.swift in Sources */,
				CC68F41323F954D100484216 /* Features.swift in Sources */,
				CC68F3F323F954D100484216 /* SyntaxOptions.swift in Sources */,
				CC68F40323F954D100484216 /* CategoriesOptions.swift in Sources */,
				CC68F41223F954D100484216 /* EmotionScores.swift in Sources */,
				CC68F3EF23F954D100484216 /* Parameters.swift in Sources */,
				CC4343A823F8F2C800A2D00D /* String+Extensions.swift in Sources */,
				CC68F3FA23F954D100484216 /* SemanticRolesKeyword.swift in Sources */,
				CC8D87EB23F77C270098E0D5 /* MainVC.swift in Sources */,
				CC68F41123F954D100484216 /* CategoriesResult.swift in Sources */,
				CC68F38623F94D6000484216 /* ToneCategory.swift in Sources */,
				CC68F3F023F954D100484216 /* SentimentOptions.swift in Sources */,
				CC68F40A23F954D100484216 /* SentimentResult.swift in Sources */,
				CC68F3E923F954D100484216 /* TargetedSentimentResults.swift in Sources */,
				CC8D87FF23F77EAB0098E0D5 /* MainView.swift in Sources */,
				CC68F38C23F94DBC00484216 /* ToneContent.swift in Sources */,
				CC8D880F23F86EDD0098E0D5 /* AnalysisUtils.swift in Sources */,
				CC8D882123F89CE90098E0D5 /* Tweet.swift in Sources */,
				CC68F3FB23F954D100484216 /* ListModelsResults.swift in Sources */,
				CC68F3EC23F954D100484216 /* AnalysisResultsUsage.swift in Sources */,
				CC68F40723F954D100484216 /* SemanticRolesOptions.swift in Sources */,
				CC68F40123F954D100484216 /* SyntaxOptionsTokens.swift in Sources */,
				CC68F3B423F952C500484216 /* ConsumptionPreferencesCategory.swift in Sources */,
				CC68F38223F94D1800484216 /* SentenceAnalysis.swift in Sources */,
				CC68F3B523F952C500484216 /* Trait.swift in Sources */,
				CC68F41A23F954D100484216 /* KeywordsResult.swift in Sources */,
				CC68F38423F94D3D00484216 /* ToneAnalysis.swift in Sources */,
				CC68F3F923F954D100484216 /* EmotionResult.swift in Sources */,
				CC68F3ED23F954D100484216 /* CategoriesResultExplanation.swift in Sources */,
				CC68F3AF23F952C500484216 /* Content.swift in Sources */,
				CC68F38E23F94DEC00484216 /* ToneInput.swift in Sources */,
				CC68F39023F94E0500484216 /* ToneScore.swift in Sources */,
				CC68F3F823F954D100484216 /* RelationEntity.swift in Sources */,
				CC68F40423F954D100484216 /* DocumentSentimentResults.swift in Sources */,
				CC68F41923F954D100484216 /* CategoriesRelevantText.swift in Sources */,
				CC68F40223F954D100484216 /* SemanticRolesVerb.swift in Sources */,
				CC8D880623F7B45D0098E0D5 /* UIView+Extensions.swift in Sources */,
				CC68F40823F954D100484216 /* MetadataOptions.swift in Sources */,
				CC68F41823F954D100484216 /* AnalysisResults.swift in Sources */,
				CC8D881823F880A80098E0D5 /* TwitterCredentials.swift in Sources */,
				CC68F36223F947EE00484216 /* ToneAnalyzer.swift in Sources */,
				CC68F38A23F94D9900484216 /* ToneChatScore.swift in Sources */,
				CC68F41623F954D100484216 /* SemanticRolesResultAction.swift in Sources */,
				CC68F3EE23F954D100484216 /* DisambiguationResult.swift in Sources */,
				CC68F3B323F952C500484216 /* Warning.swift in Sources */,
				CC68F39623F94E5700484216 /* UtteranceAnalysis.swift in Sources */,
				CC68F40623F954D100484216 /* EntitiesOptions.swift in Sources */,
				CC68F3F623F954D100484216 /* KeywordsOptions.swift in Sources */,
				CC68F3F523F954D100484216 /* SemanticRolesEntity.swift in Sources */,
				CC8D87E723F77C270098E0D5 /* AppDelegate.swift in Sources */,
				CC68F39423F94E3900484216 /* UtteranceAnalyses.swift in Sources */,
				CC4343AA23F90C8700A2D00D /* File.swift in Sources */,
				CC68F3B223F952C500484216 /* ProfileContent.swift in Sources */,
				CC68F39823F9514E00484216 /* TopicProfileVC.swift in Sources */,
				CC68F3F223F954D100484216 /* Feed.swift in Sources */,
				CC68F3F123F954D100484216 /* SemanticRolesResultSubject.swift in Sources */,
				CC68F3EB23F954D100484216 /* SentenceResult.swift in Sources */,
				CC68F41023F954D100484216 /* RelationsOptions.swift in Sources */,
				CC68F3AE23F952C500484216 /* Profile.swift in Sources */,
				CC68F3EA23F954D100484216 /* TokenResult.swift in Sources */,
				CC68F40F23F954D100484216 /* FeatureSentimentResults.swift in Sources */,
				CC8D880123F798D00098E0D5 /* Constants.swift in Sources */,
				CC8D882523F8C6110098E0D5 /* UserProfileVC.swift in Sources */,
				CC68F38823F94D7A00484216 /* ToneChatInput.swift in Sources */,
				CC68F3AD23F952C500484216 /* ConsumptionPreferences.swift in Sources */,
				CC4343A623F8EF0600A2D00D /* AnalysisPage.swift in Sources */,
				CC8D880A23F7C0EE0098E0D5 /* SearchVC.swift in Sources */,
				CC68F40B23F954D100484216 /* AnalysisResultsMetadata.swift in Sources */,
				CC68F3F423F954D100484216 /* RelationArgument.swift in Sources */,
				CC68F40523F954D100484216 /* EntitiesResult.swift in Sources */,
				CC68F40E23F954D100484216 /* SemanticRolesResult.swift in Sources */,
			);
			runOnlyForDeploymentPostprocessing = 0;
		};
/* End PBXSourcesBuildPhase section */

/* Begin PBXVariantGroup section */
		CC8D87EC23F77C270098E0D5 /* Main.storyboard */ = {
			isa = PBXVariantGroup;
			children = (
				CC8D87ED23F77C270098E0D5 /* Base */,
			);
			name = Main.storyboard;
			sourceTree = "<group>";
		};
		CC8D87F123F77C280098E0D5 /* LaunchScreen.storyboard */ = {
			isa = PBXVariantGroup;
			children = (
				CC8D87F223F77C280098E0D5 /* Base */,
			);
			name = LaunchScreen.storyboard;
			sourceTree = "<group>";
		};
/* End PBXVariantGroup section */

/* Begin XCBuildConfiguration section */
		CC8D87F523F77C280098E0D5 /* Debug */ = {
			isa = XCBuildConfiguration;
			buildSettings = {
				ALWAYS_SEARCH_USER_PATHS = NO;
				CLANG_ANALYZER_NONNULL = YES;
				CLANG_ANALYZER_NUMBER_OBJECT_CONVERSION = YES_AGGRESSIVE;
				CLANG_CXX_LANGUAGE_STANDARD = "gnu++14";
				CLANG_CXX_LIBRARY = "libc++";
				CLANG_ENABLE_MODULES = YES;
				CLANG_ENABLE_OBJC_ARC = YES;
				CLANG_ENABLE_OBJC_WEAK = YES;
				CLANG_WARN_BLOCK_CAPTURE_AUTORELEASING = YES;
				CLANG_WARN_BOOL_CONVERSION = YES;
				CLANG_WARN_COMMA = YES;
				CLANG_WARN_CONSTANT_CONVERSION = YES;
				CLANG_WARN_DEPRECATED_OBJC_IMPLEMENTATIONS = YES;
				CLANG_WARN_DIRECT_OBJC_ISA_USAGE = YES_ERROR;
				CLANG_WARN_DOCUMENTATION_COMMENTS = YES;
				CLANG_WARN_EMPTY_BODY = YES;
				CLANG_WARN_ENUM_CONVERSION = YES;
				CLANG_WARN_INFINITE_RECURSION = YES;
				CLANG_WARN_INT_CONVERSION = YES;
				CLANG_WARN_NON_LITERAL_NULL_CONVERSION = YES;
				CLANG_WARN_OBJC_IMPLICIT_RETAIN_SELF = YES;
				CLANG_WARN_OBJC_LITERAL_CONVERSION = YES;
				CLANG_WARN_OBJC_ROOT_CLASS = YES_ERROR;
				CLANG_WARN_RANGE_LOOP_ANALYSIS = YES;
				CLANG_WARN_STRICT_PROTOTYPES = YES;
				CLANG_WARN_SUSPICIOUS_MOVE = YES;
				CLANG_WARN_UNGUARDED_AVAILABILITY = YES_AGGRESSIVE;
				CLANG_WARN_UNREACHABLE_CODE = YES;
				CLANG_WARN__DUPLICATE_METHOD_MATCH = YES;
				COPY_PHASE_STRIP = NO;
				DEBUG_INFORMATION_FORMAT = dwarf;
				ENABLE_STRICT_OBJC_MSGSEND = YES;
				ENABLE_TESTABILITY = YES;
				GCC_C_LANGUAGE_STANDARD = gnu11;
				GCC_DYNAMIC_NO_PIC = NO;
				GCC_NO_COMMON_BLOCKS = YES;
				GCC_OPTIMIZATION_LEVEL = 0;
				GCC_PREPROCESSOR_DEFINITIONS = (
					"DEBUG=1",
					"$(inherited)",
				);
				GCC_WARN_64_TO_32_BIT_CONVERSION = YES;
				GCC_WARN_ABOUT_RETURN_TYPE = YES_ERROR;
				GCC_WARN_UNDECLARED_SELECTOR = YES;
				GCC_WARN_UNINITIALIZED_AUTOS = YES_AGGRESSIVE;
				GCC_WARN_UNUSED_FUNCTION = YES;
				GCC_WARN_UNUSED_VARIABLE = YES;
				IPHONEOS_DEPLOYMENT_TARGET = 13.2;
				MTL_ENABLE_DEBUG_INFO = INCLUDE_SOURCE;
				MTL_FAST_MATH = YES;
				ONLY_ACTIVE_ARCH = YES;
				SDKROOT = iphoneos;
				SWIFT_ACTIVE_COMPILATION_CONDITIONS = DEBUG;
				SWIFT_OPTIMIZATION_LEVEL = "-Onone";
			};
			name = Debug;
		};
		CC8D87F623F77C280098E0D5 /* Release */ = {
			isa = XCBuildConfiguration;
			buildSettings = {
				ALWAYS_SEARCH_USER_PATHS = NO;
				CLANG_ANALYZER_NONNULL = YES;
				CLANG_ANALYZER_NUMBER_OBJECT_CONVERSION = YES_AGGRESSIVE;
				CLANG_CXX_LANGUAGE_STANDARD = "gnu++14";
				CLANG_CXX_LIBRARY = "libc++";
				CLANG_ENABLE_MODULES = YES;
				CLANG_ENABLE_OBJC_ARC = YES;
				CLANG_ENABLE_OBJC_WEAK = YES;
				CLANG_WARN_BLOCK_CAPTURE_AUTORELEASING = YES;
				CLANG_WARN_BOOL_CONVERSION = YES;
				CLANG_WARN_COMMA = YES;
				CLANG_WARN_CONSTANT_CONVERSION = YES;
				CLANG_WARN_DEPRECATED_OBJC_IMPLEMENTATIONS = YES;
				CLANG_WARN_DIRECT_OBJC_ISA_USAGE = YES_ERROR;
				CLANG_WARN_DOCUMENTATION_COMMENTS = YES;
				CLANG_WARN_EMPTY_BODY = YES;
				CLANG_WARN_ENUM_CONVERSION = YES;
				CLANG_WARN_INFINITE_RECURSION = YES;
				CLANG_WARN_INT_CONVERSION = YES;
				CLANG_WARN_NON_LITERAL_NULL_CONVERSION = YES;
				CLANG_WARN_OBJC_IMPLICIT_RETAIN_SELF = YES;
				CLANG_WARN_OBJC_LITERAL_CONVERSION = YES;
				CLANG_WARN_OBJC_ROOT_CLASS = YES_ERROR;
				CLANG_WARN_RANGE_LOOP_ANALYSIS = YES;
				CLANG_WARN_STRICT_PROTOTYPES = YES;
				CLANG_WARN_SUSPICIOUS_MOVE = YES;
				CLANG_WARN_UNGUARDED_AVAILABILITY = YES_AGGRESSIVE;
				CLANG_WARN_UNREACHABLE_CODE = YES;
				CLANG_WARN__DUPLICATE_METHOD_MATCH = YES;
				COPY_PHASE_STRIP = NO;
				DEBUG_INFORMATION_FORMAT = "dwarf-with-dsym";
				ENABLE_NS_ASSERTIONS = NO;
				ENABLE_STRICT_OBJC_MSGSEND = YES;
				GCC_C_LANGUAGE_STANDARD = gnu11;
				GCC_NO_COMMON_BLOCKS = YES;
				GCC_WARN_64_TO_32_BIT_CONVERSION = YES;
				GCC_WARN_ABOUT_RETURN_TYPE = YES_ERROR;
				GCC_WARN_UNDECLARED_SELECTOR = YES;
				GCC_WARN_UNINITIALIZED_AUTOS = YES_AGGRESSIVE;
				GCC_WARN_UNUSED_FUNCTION = YES;
				GCC_WARN_UNUSED_VARIABLE = YES;
				IPHONEOS_DEPLOYMENT_TARGET = 13.2;
				MTL_ENABLE_DEBUG_INFO = NO;
				MTL_FAST_MATH = YES;
				SDKROOT = iphoneos;
				SWIFT_COMPILATION_MODE = wholemodule;
				SWIFT_OPTIMIZATION_LEVEL = "-O";
				VALIDATE_PRODUCT = YES;
			};
			name = Release;
		};
		CC8D87F823F77C280098E0D5 /* Debug */ = {
			isa = XCBuildConfiguration;
			baseConfigurationReference = 9D41EFD4B711A2B0F4ED51B6 /* Pods-TweetSense.debug.xcconfig */;
			buildSettings = {
				ASSETCATALOG_COMPILER_APPICON_NAME = AppIcon;
				CODE_SIGN_STYLE = Automatic;
				DEVELOPMENT_TEAM = B8C8RXSHKT;
				INFOPLIST_FILE = TweetSense/Info.plist;
				IPHONEOS_DEPLOYMENT_TARGET = 11.0;
				LD_RUNPATH_SEARCH_PATHS = (
					"$(inherited)",
					"@executable_path/Frameworks",
				);
				PRODUCT_BUNDLE_IDENTIFIER = LesGarcons.TweetSense;
				PRODUCT_NAME = "$(TARGET_NAME)";
				SWIFT_VERSION = 5.0;
				TARGETED_DEVICE_FAMILY = "1,2";
			};
			name = Debug;
		};
		CC8D87F923F77C280098E0D5 /* Release */ = {
			isa = XCBuildConfiguration;
			baseConfigurationReference = 1BFAF0F51F62CBDDC6707E6F /* Pods-TweetSense.release.xcconfig */;
			buildSettings = {
				ASSETCATALOG_COMPILER_APPICON_NAME = AppIcon;
				CODE_SIGN_STYLE = Automatic;
				DEVELOPMENT_TEAM = B8C8RXSHKT;
				INFOPLIST_FILE = TweetSense/Info.plist;
				IPHONEOS_DEPLOYMENT_TARGET = 11.0;
				LD_RUNPATH_SEARCH_PATHS = (
					"$(inherited)",
					"@executable_path/Frameworks",
				);
				PRODUCT_BUNDLE_IDENTIFIER = LesGarcons.TweetSense;
				PRODUCT_NAME = "$(TARGET_NAME)";
				SWIFT_VERSION = 5.0;
				TARGETED_DEVICE_FAMILY = "1,2";
			};
			name = Release;
		};
/* End XCBuildConfiguration section */

/* Begin XCConfigurationList section */
		CC8D87DE23F77C270098E0D5 /* Build configuration list for PBXProject "TweetSense" */ = {
			isa = XCConfigurationList;
			buildConfigurations = (
				CC8D87F523F77C280098E0D5 /* Debug */,
				CC8D87F623F77C280098E0D5 /* Release */,
			);
			defaultConfigurationIsVisible = 0;
			defaultConfigurationName = Release;
		};
		CC8D87F723F77C280098E0D5 /* Build configuration list for PBXNativeTarget "TweetSense" */ = {
			isa = XCConfigurationList;
			buildConfigurations = (
				CC8D87F823F77C280098E0D5 /* Debug */,
				CC8D87F923F77C280098E0D5 /* Release */,
			);
			defaultConfigurationIsVisible = 0;
			defaultConfigurationName = Release;
		};
/* End XCConfigurationList section */
	};
	rootObject = CC8D87DB23F77C270098E0D5 /* Project object */;
}
