// !$*UTF8*$!
{
	archiveVersion = 1;
	classes = {
	};
	objectVersion = 51;
	objects = {

/* Begin PBXBuildFile section */
		4FCB9A80115E200859219E5B /* Pods_TweetSense.framework in Frameworks */ = {isa = PBXBuildFile; fileRef = 4241DED2DB20195C7EFC0758 /* Pods_TweetSense.framework */; };
		CC8D87E723F77C270098E0D5 /* AppDelegate.swift in Sources */ = {isa = PBXBuildFile; fileRef = CC8D87E623F77C270098E0D5 /* AppDelegate.swift */; };
		CC8D87EB23F77C270098E0D5 /* MainVC.swift in Sources */ = {isa = PBXBuildFile; fileRef = CC8D87EA23F77C270098E0D5 /* MainVC.swift */; };
		CC8D87EE23F77C270098E0D5 /* Main.storyboard in Resources */ = {isa = PBXBuildFile; fileRef = CC8D87EC23F77C270098E0D5 /* Main.storyboard */; };
		CC8D87F023F77C280098E0D5 /* Assets.xcassets in Resources */ = {isa = PBXBuildFile; fileRef = CC8D87EF23F77C280098E0D5 /* Assets.xcassets */; };
		CC8D87F323F77C280098E0D5 /* LaunchScreen.storyboard in Resources */ = {isa = PBXBuildFile; fileRef = CC8D87F123F77C280098E0D5 /* LaunchScreen.storyboard */; };
		CC8D87FF23F77EAB0098E0D5 /* MainView.swift in Sources */ = {isa = PBXBuildFile; fileRef = CC8D87FE23F77EAB0098E0D5 /* MainView.swift */; };
		CC8D880123F798D00098E0D5 /* Constants.swift in Sources */ = {isa = PBXBuildFile; fileRef = CC8D880023F798D00098E0D5 /* Constants.swift */; };
		CC8D880623F7B45D0098E0D5 /* UIView+Extensions.swift in Sources */ = {isa = PBXBuildFile; fileRef = CC8D880523F7B45D0098E0D5 /* UIView+Extensions.swift */; };
		CC8D880823F7C0CE0098E0D5 /* MainTabBarController.swift in Sources */ = {isa = PBXBuildFile; fileRef = CC8D880723F7C0CE0098E0D5 /* MainTabBarController.swift */; };
		CC8D880A23F7C0EE0098E0D5 /* SearchVC.swift in Sources */ = {isa = PBXBuildFile; fileRef = CC8D880923F7C0EE0098E0D5 /* SearchVC.swift */; };
/* End PBXBuildFile section */

/* Begin PBXFileReference section */
		1BFAF0F51F62CBDDC6707E6F /* Pods-TweetSense.release.xcconfig */ = {isa = PBXFileReference; includeInIndex = 1; lastKnownFileType = text.xcconfig; name = "Pods-TweetSense.release.xcconfig"; path = "Target Support Files/Pods-TweetSense/Pods-TweetSense.release.xcconfig"; sourceTree = "<group>"; };
		4241DED2DB20195C7EFC0758 /* Pods_TweetSense.framework */ = {isa = PBXFileReference; explicitFileType = wrapper.framework; includeInIndex = 0; path = Pods_TweetSense.framework; sourceTree = BUILT_PRODUCTS_DIR; };
		9D41EFD4B711A2B0F4ED51B6 /* Pods-TweetSense.debug.xcconfig */ = {isa = PBXFileReference; includeInIndex = 1; lastKnownFileType = text.xcconfig; name = "Pods-TweetSense.debug.xcconfig"; path = "Target Support Files/Pods-TweetSense/Pods-TweetSense.debug.xcconfig"; sourceTree = "<group>"; };
		CC8D87E323F77C270098E0D5 /* TweetSense.app */ = {isa = PBXFileReference; explicitFileType = wrapper.application; includeInIndex = 0; path = TweetSense.app; sourceTree = BUILT_PRODUCTS_DIR; };
		CC8D87E623F77C270098E0D5 /* AppDelegate.swift */ = {isa = PBXFileReference; lastKnownFileType = sourcecode.swift; path = AppDelegate.swift; sourceTree = "<group>"; };
		CC8D87EA23F77C270098E0D5 /* MainVC.swift */ = {isa = PBXFileReference; lastKnownFileType = sourcecode.swift; path = MainVC.swift; sourceTree = "<group>"; };
		CC8D87ED23F77C270098E0D5 /* Base */ = {isa = PBXFileReference; lastKnownFileType = file.storyboard; name = Base; path = Base.lproj/Main.storyboard; sourceTree = "<group>"; };
		CC8D87EF23F77C280098E0D5 /* Assets.xcassets */ = {isa = PBXFileReference; lastKnownFileType = folder.assetcatalog; path = Assets.xcassets; sourceTree = "<group>"; };
		CC8D87F223F77C280098E0D5 /* Base */ = {isa = PBXFileReference; lastKnownFileType = file.storyboard; name = Base; path = Base.lproj/LaunchScreen.storyboard; sourceTree = "<group>"; };
		CC8D87F423F77C280098E0D5 /* Info.plist */ = {isa = PBXFileReference; lastKnownFileType = text.plist.xml; path = Info.plist; sourceTree = "<group>"; };
		CC8D87FE23F77EAB0098E0D5 /* MainView.swift */ = {isa = PBXFileReference; lastKnownFileType = sourcecode.swift; path = MainView.swift; sourceTree = "<group>"; };
		CC8D880023F798D00098E0D5 /* Constants.swift */ = {isa = PBXFileReference; lastKnownFileType = sourcecode.swift; path = Constants.swift; sourceTree = "<group>"; };
		CC8D880523F7B45D0098E0D5 /* UIView+Extensions.swift */ = {isa = PBXFileReference; lastKnownFileType = sourcecode.swift; path = "UIView+Extensions.swift"; sourceTree = "<group>"; };
		CC8D880723F7C0CE0098E0D5 /* MainTabBarController.swift */ = {isa = PBXFileReference; lastKnownFileType = sourcecode.swift; path = MainTabBarController.swift; sourceTree = "<group>"; };
		CC8D880923F7C0EE0098E0D5 /* SearchVC.swift */ = {isa = PBXFileReference; lastKnownFileType = sourcecode.swift; path = SearchVC.swift; sourceTree = "<group>"; };
/* End PBXFileReference section */

/* Begin PBXFrameworksBuildPhase section */
		CC8D87E023F77C270098E0D5 /* Frameworks */ = {
			isa = PBXFrameworksBuildPhase;
			buildActionMask = 2147483647;
			files = (
				4FCB9A80115E200859219E5B /* Pods_TweetSense.framework in Frameworks */,
			);
			runOnlyForDeploymentPostprocessing = 0;
		};
/* End PBXFrameworksBuildPhase section */

/* Begin PBXGroup section */
		B26739465CE8D13BC675FCEA /* Frameworks */ = {
			isa = PBXGroup;
			children = (
				4241DED2DB20195C7EFC0758 /* Pods_TweetSense.framework */,
			);
			name = Frameworks;
			sourceTree = "<group>";
		};
		CC8D87DA23F77C270098E0D5 = {
			isa = PBXGroup;
			children = (
				CC8D87E523F77C270098E0D5 /* TweetSense */,
				CC8D87E423F77C270098E0D5 /* Products */,
				E2C7006DB770BE60122CC647 /* Pods */,
				B26739465CE8D13BC675FCEA /* Frameworks */,
			);
			sourceTree = "<group>";
		};
		CC8D87E423F77C270098E0D5 /* Products */ = {
			isa = PBXGroup;
			children = (
				CC8D87E323F77C270098E0D5 /* TweetSense.app */,
			);
			name = Products;
			sourceTree = "<group>";
		};
		CC8D87E523F77C270098E0D5 /* TweetSense */ = {
			isa = PBXGroup;
			children = (
				CC8D880423F7B4530098E0D5 /* Extensions */,
				CC8D87FA23F77D360098E0D5 /* View */,
				CC8D87FB23F77D390098E0D5 /* Model */,
				CC8D87FC23F77D3F0098E0D5 /* Controller */,
				CC8D87EC23F77C270098E0D5 /* Main.storyboard */,
				CC8D87FD23F77D450098E0D5 /* Supporting Files */,
				CC8D87F423F77C280098E0D5 /* Info.plist */,
			);
			path = TweetSense;
			sourceTree = "<group>";
		};
		CC8D87FA23F77D360098E0D5 /* View */ = {
			isa = PBXGroup;
			children = (
				CC8D87FE23F77EAB0098E0D5 /* MainView.swift */,
			);
			path = View;
			sourceTree = "<group>";
		};
		CC8D87FB23F77D390098E0D5 /* Model */ = {
			isa = PBXGroup;
			children = (
			);
			path = Model;
			sourceTree = "<group>";
		};
		CC8D87FC23F77D3F0098E0D5 /* Controller */ = {
			isa = PBXGroup;
			children = (
				CC8D87EA23F77C270098E0D5 /* MainVC.swift */,
				CC8D880723F7C0CE0098E0D5 /* MainTabBarController.swift */,
				CC8D880923F7C0EE0098E0D5 /* SearchVC.swift */,
			);
			path = Controller;
			sourceTree = "<group>";
		};
		CC8D87FD23F77D450098E0D5 /* Supporting Files */ = {
			isa = PBXGroup;
			children = (
				CC8D87E623F77C270098E0D5 /* AppDelegate.swift */,
				CC8D87EF23F77C280098E0D5 /* Assets.xcassets */,
				CC8D87F123F77C280098E0D5 /* LaunchScreen.storyboard */,
				CC8D880023F798D00098E0D5 /* Constants.swift */,
			);
			path = "Supporting Files";
			sourceTree = "<group>";
		};
		CC8D880423F7B4530098E0D5 /* Extensions */ = {
			isa = PBXGroup;
			children = (
				CC8D880523F7B45D0098E0D5 /* UIView+Extensions.swift */,
			);
			path = Extensions;
			sourceTree = "<group>";
		};
		E2C7006DB770BE60122CC647 /* Pods */ = {
			isa = PBXGroup;
			children = (
				9D41EFD4B711A2B0F4ED51B6 /* Pods-TweetSense.debug.xcconfig */,
				1BFAF0F51F62CBDDC6707E6F /* Pods-TweetSense.release.xcconfig */,
			);
			path = Pods;
			sourceTree = "<group>";
		};
/* End PBXGroup section */

/* Begin PBXNativeTarget section */
		CC8D87E223F77C270098E0D5 /* TweetSense */ = {
			isa = PBXNativeTarget;
			buildConfigurationList = CC8D87F723F77C280098E0D5 /* Build configuration list for PBXNativeTarget "TweetSense" */;
			buildPhases = (
				8BAED0612CC3F3BFC635DCBE /* [CP] Check Pods Manifest.lock */,
				CC8D87DF23F77C270098E0D5 /* Sources */,
				CC8D87E023F77C270098E0D5 /* Frameworks */,
				CC8D87E123F77C270098E0D5 /* Resources */,
				0CE2D255A2B5B8A0BCA13D7E /* [CP] Embed Pods Frameworks */,
			);
			buildRules = (
			);
			dependencies = (
			);
			name = TweetSense;
			productName = TweetSense;
			productReference = CC8D87E323F77C270098E0D5 /* TweetSense.app */;
			productType = "com.apple.product-type.application";
		};
/* End PBXNativeTarget section */

/* Begin PBXProject section */
		CC8D87DB23F77C270098E0D5 /* Project object */ = {
			isa = PBXProject;
			attributes = {
				LastSwiftUpdateCheck = 1130;
				LastUpgradeCheck = 1130;
				ORGANIZATIONNAME = "Vlad Munteanu";
				TargetAttributes = {
					CC8D87E223F77C270098E0D5 = {
						CreatedOnToolsVersion = 11.3.1;
					};
				};
			};
			buildConfigurationList = CC8D87DE23F77C270098E0D5 /* Build configuration list for PBXProject "TweetSense" */;
			compatibilityVersion = "Xcode 9.3";
			developmentRegion = en;
			hasScannedForEncodings = 0;
			knownRegions = (
				en,
				Base,
			);
			mainGroup = CC8D87DA23F77C270098E0D5;
			productRefGroup = CC8D87E423F77C270098E0D5 /* Products */;
			projectDirPath = "";
			projectRoot = "";
			targets = (
				CC8D87E223F77C270098E0D5 /* TweetSense */,
			);
		};
/* End PBXProject section */

/* Begin PBXResourcesBuildPhase section */
		CC8D87E123F77C270098E0D5 /* Resources */ = {
			isa = PBXResourcesBuildPhase;
			buildActionMask = 2147483647;
			files = (
				CC8D87F323F77C280098E0D5 /* LaunchScreen.storyboard in Resources */,
				CC8D87F023F77C280098E0D5 /* Assets.xcassets in Resources */,
				CC8D87EE23F77C270098E0D5 /* Main.storyboard in Resources */,
			);
			runOnlyForDeploymentPostprocessing = 0;
		};
/* End PBXResourcesBuildPhase section */

/* Begin PBXShellScriptBuildPhase section */
		0CE2D255A2B5B8A0BCA13D7E /* [CP] Embed Pods Frameworks */ = {
			isa = PBXShellScriptBuildPhase;
			buildActionMask = 2147483647;
			files = (
			);
			inputFileListPaths = (
				"${PODS_ROOT}/Target Support Files/Pods-TweetSense/Pods-TweetSense-frameworks-${CONFIGURATION}-input-files.xcfilelist",
			);
			name = "[CP] Embed Pods Frameworks";
			outputFileListPaths = (
				"${PODS_ROOT}/Target Support Files/Pods-TweetSense/Pods-TweetSense-frameworks-${CONFIGURATION}-output-files.xcfilelist",
			);
			runOnlyForDeploymentPostprocessing = 0;
			shellPath = /bin/sh;
			shellScript = "\"${PODS_ROOT}/Target Support Files/Pods-TweetSense/Pods-TweetSense-frameworks.sh\"\n";
			showEnvVarsInLog = 0;
		};
		8BAED0612CC3F3BFC635DCBE /* [CP] Check Pods Manifest.lock */ = {
			isa = PBXShellScriptBuildPhase;
			buildActionMask = 2147483647;
			files = (
			);
			inputFileListPaths = (
			);
			inputPaths = (
				"${PODS_PODFILE_DIR_PATH}/Podfile.lock",
				"${PODS_ROOT}/Manifest.lock",
			);
			name = "[CP] Check Pods Manifest.lock";
			outputFileListPaths = (
			);
			outputPaths = (
				"$(DERIVED_FILE_DIR)/Pods-TweetSense-checkManifestLockResult.txt",
			);
			runOnlyForDeploymentPostprocessing = 0;
			shellPath = /bin/sh;
			shellScript = "diff \"${PODS_PODFILE_DIR_PATH}/Podfile.lock\" \"${PODS_ROOT}/Manifest.lock\" > /dev/null\nif [ $? != 0 ] ; then\n    # print error to STDERR\n    echo \"error: The sandbox is not in sync with the Podfile.lock. Run 'pod install' or update your CocoaPods installation.\" >&2\n    exit 1\nfi\n# This output is used by Xcode 'outputs' to avoid re-running this script phase.\necho \"SUCCESS\" > \"${SCRIPT_OUTPUT_FILE_0}\"\n";
			showEnvVarsInLog = 0;
		};
/* End PBXShellScriptBuildPhase section */

/* Begin PBXSourcesBuildPhase section */
		CC8D87DF23F77C270098E0D5 /* Sources */ = {
			isa = PBXSourcesBuildPhase;
			buildActionMask = 2147483647;
			files = (
				CC8D87EB23F77C270098E0D5 /* MainVC.swift in Sources */,
				CC8D87FF23F77EAB0098E0D5 /* MainView.swift in Sources */,
				CC8D880823F7C0CE0098E0D5 /* MainTabBarController.swift in Sources */,
				CC8D880623F7B45D0098E0D5 /* UIView+Extensions.swift in Sources */,
				CC8D87E723F77C270098E0D5 /* AppDelegate.swift in Sources */,
				CC8D880123F798D00098E0D5 /* Constants.swift in Sources */,
				CC8D880A23F7C0EE0098E0D5 /* SearchVC.swift in Sources */,
			);
			runOnlyForDeploymentPostprocessing = 0;
		};
/* End PBXSourcesBuildPhase section */

/* Begin PBXVariantGroup section */
		CC8D87EC23F77C270098E0D5 /* Main.storyboard */ = {
			isa = PBXVariantGroup;
			children = (
				CC8D87ED23F77C270098E0D5 /* Base */,
			);
			name = Main.storyboard;
			sourceTree = "<group>";
		};
		CC8D87F123F77C280098E0D5 /* LaunchScreen.storyboard */ = {
			isa = PBXVariantGroup;
			children = (
				CC8D87F223F77C280098E0D5 /* Base */,
			);
			name = LaunchScreen.storyboard;
			sourceTree = "<group>";
		};
/* End PBXVariantGroup section */

/* Begin XCBuildConfiguration section */
		CC8D87F523F77C280098E0D5 /* Debug */ = {
			isa = XCBuildConfiguration;
			buildSettings = {
				ALWAYS_SEARCH_USER_PATHS = NO;
				CLANG_ANALYZER_NONNULL = YES;
				CLANG_ANALYZER_NUMBER_OBJECT_CONVERSION = YES_AGGRESSIVE;
				CLANG_CXX_LANGUAGE_STANDARD = "gnu++14";
				CLANG_CXX_LIBRARY = "libc++";
				CLANG_ENABLE_MODULES = YES;
				CLANG_ENABLE_OBJC_ARC = YES;
				CLANG_ENABLE_OBJC_WEAK = YES;
				CLANG_WARN_BLOCK_CAPTURE_AUTORELEASING = YES;
				CLANG_WARN_BOOL_CONVERSION = YES;
				CLANG_WARN_COMMA = YES;
				CLANG_WARN_CONSTANT_CONVERSION = YES;
				CLANG_WARN_DEPRECATED_OBJC_IMPLEMENTATIONS = YES;
				CLANG_WARN_DIRECT_OBJC_ISA_USAGE = YES_ERROR;
				CLANG_WARN_DOCUMENTATION_COMMENTS = YES;
				CLANG_WARN_EMPTY_BODY = YES;
				CLANG_WARN_ENUM_CONVERSION = YES;
				CLANG_WARN_INFINITE_RECURSION = YES;
				CLANG_WARN_INT_CONVERSION = YES;
				CLANG_WARN_NON_LITERAL_NULL_CONVERSION = YES;
				CLANG_WARN_OBJC_IMPLICIT_RETAIN_SELF = YES;
				CLANG_WARN_OBJC_LITERAL_CONVERSION = YES;
				CLANG_WARN_OBJC_ROOT_CLASS = YES_ERROR;
				CLANG_WARN_RANGE_LOOP_ANALYSIS = YES;
				CLANG_WARN_STRICT_PROTOTYPES = YES;
				CLANG_WARN_SUSPICIOUS_MOVE = YES;
				CLANG_WARN_UNGUARDED_AVAILABILITY = YES_AGGRESSIVE;
				CLANG_WARN_UNREACHABLE_CODE = YES;
				CLANG_WARN__DUPLICATE_METHOD_MATCH = YES;
				COPY_PHASE_STRIP = NO;
				DEBUG_INFORMATION_FORMAT = dwarf;
				ENABLE_STRICT_OBJC_MSGSEND = YES;
				ENABLE_TESTABILITY = YES;
				GCC_C_LANGUAGE_STANDARD = gnu11;
				GCC_DYNAMIC_NO_PIC = NO;
				GCC_NO_COMMON_BLOCKS = YES;
				GCC_OPTIMIZATION_LEVEL = 0;
				GCC_PREPROCESSOR_DEFINITIONS = (
					"DEBUG=1",
					"$(inherited)",
				);
				GCC_WARN_64_TO_32_BIT_CONVERSION = YES;
				GCC_WARN_ABOUT_RETURN_TYPE = YES_ERROR;
				GCC_WARN_UNDECLARED_SELECTOR = YES;
				GCC_WARN_UNINITIALIZED_AUTOS = YES_AGGRESSIVE;
				GCC_WARN_UNUSED_FUNCTION = YES;
				GCC_WARN_UNUSED_VARIABLE = YES;
				IPHONEOS_DEPLOYMENT_TARGET = 13.2;
				MTL_ENABLE_DEBUG_INFO = INCLUDE_SOURCE;
				MTL_FAST_MATH = YES;
				ONLY_ACTIVE_ARCH = YES;
				SDKROOT = iphoneos;
				SWIFT_ACTIVE_COMPILATION_CONDITIONS = DEBUG;
				SWIFT_OPTIMIZATION_LEVEL = "-Onone";
			};
			name = Debug;
		};
		CC8D87F623F77C280098E0D5 /* Release */ = {
			isa = XCBuildConfiguration;
			buildSettings = {
				ALWAYS_SEARCH_USER_PATHS = NO;
				CLANG_ANALYZER_NONNULL = YES;
				CLANG_ANALYZER_NUMBER_OBJECT_CONVERSION = YES_AGGRESSIVE;
				CLANG_CXX_LANGUAGE_STANDARD = "gnu++14";
				CLANG_CXX_LIBRARY = "libc++";
				CLANG_ENABLE_MODULES = YES;
				CLANG_ENABLE_OBJC_ARC = YES;
				CLANG_ENABLE_OBJC_WEAK = YES;
				CLANG_WARN_BLOCK_CAPTURE_AUTORELEASING = YES;
				CLANG_WARN_BOOL_CONVERSION = YES;
				CLANG_WARN_COMMA = YES;
				CLANG_WARN_CONSTANT_CONVERSION = YES;
				CLANG_WARN_DEPRECATED_OBJC_IMPLEMENTATIONS = YES;
				CLANG_WARN_DIRECT_OBJC_ISA_USAGE = YES_ERROR;
				CLANG_WARN_DOCUMENTATION_COMMENTS = YES;
				CLANG_WARN_EMPTY_BODY = YES;
				CLANG_WARN_ENUM_CONVERSION = YES;
				CLANG_WARN_INFINITE_RECURSION = YES;
				CLANG_WARN_INT_CONVERSION = YES;
				CLANG_WARN_NON_LITERAL_NULL_CONVERSION = YES;
				CLANG_WARN_OBJC_IMPLICIT_RETAIN_SELF = YES;
				CLANG_WARN_OBJC_LITERAL_CONVERSION = YES;
				CLANG_WARN_OBJC_ROOT_CLASS = YES_ERROR;
				CLANG_WARN_RANGE_LOOP_ANALYSIS = YES;
				CLANG_WARN_STRICT_PROTOTYPES = YES;
				CLANG_WARN_SUSPICIOUS_MOVE = YES;
				CLANG_WARN_UNGUARDED_AVAILABILITY = YES_AGGRESSIVE;
				CLANG_WARN_UNREACHABLE_CODE = YES;
				CLANG_WARN__DUPLICATE_METHOD_MATCH = YES;
				COPY_PHASE_STRIP = NO;
				DEBUG_INFORMATION_FORMAT = "dwarf-with-dsym";
				ENABLE_NS_ASSERTIONS = NO;
				ENABLE_STRICT_OBJC_MSGSEND = YES;
				GCC_C_LANGUAGE_STANDARD = gnu11;
				GCC_NO_COMMON_BLOCKS = YES;
				GCC_WARN_64_TO_32_BIT_CONVERSION = YES;
				GCC_WARN_ABOUT_RETURN_TYPE = YES_ERROR;
				GCC_WARN_UNDECLARED_SELECTOR = YES;
				GCC_WARN_UNINITIALIZED_AUTOS = YES_AGGRESSIVE;
				GCC_WARN_UNUSED_FUNCTION = YES;
				GCC_WARN_UNUSED_VARIABLE = YES;
				IPHONEOS_DEPLOYMENT_TARGET = 13.2;
				MTL_ENABLE_DEBUG_INFO = NO;
				MTL_FAST_MATH = YES;
				SDKROOT = iphoneos;
				SWIFT_COMPILATION_MODE = wholemodule;
				SWIFT_OPTIMIZATION_LEVEL = "-O";
				VALIDATE_PRODUCT = YES;
			};
			name = Release;
		};
		CC8D87F823F77C280098E0D5 /* Debug */ = {
			isa = XCBuildConfiguration;
			baseConfigurationReference = 9D41EFD4B711A2B0F4ED51B6 /* Pods-TweetSense.debug.xcconfig */;
			buildSettings = {
				ASSETCATALOG_COMPILER_APPICON_NAME = AppIcon;
				CODE_SIGN_STYLE = Automatic;
				DEVELOPMENT_TEAM = B8C8RXSHKT;
				INFOPLIST_FILE = TweetSense/Info.plist;
				IPHONEOS_DEPLOYMENT_TARGET = 11.0;
				LD_RUNPATH_SEARCH_PATHS = (
					"$(inherited)",
					"@executable_path/Frameworks",
				);
				PRODUCT_BUNDLE_IDENTIFIER = LesGarcons.TweetSense;
				PRODUCT_NAME = "$(TARGET_NAME)";
				SWIFT_VERSION = 5.0;
				TARGETED_DEVICE_FAMILY = "1,2";
			};
			name = Debug;
		};
		CC8D87F923F77C280098E0D5 /* Release */ = {
			isa = XCBuildConfiguration;
			baseConfigurationReference = 1BFAF0F51F62CBDDC6707E6F /* Pods-TweetSense.release.xcconfig */;
			buildSettings = {
				ASSETCATALOG_COMPILER_APPICON_NAME = AppIcon;
				CODE_SIGN_STYLE = Automatic;
				DEVELOPMENT_TEAM = B8C8RXSHKT;
				INFOPLIST_FILE = TweetSense/Info.plist;
				IPHONEOS_DEPLOYMENT_TARGET = 11.0;
				LD_RUNPATH_SEARCH_PATHS = (
					"$(inherited)",
					"@executable_path/Frameworks",
				);
				PRODUCT_BUNDLE_IDENTIFIER = LesGarcons.TweetSense;
				PRODUCT_NAME = "$(TARGET_NAME)";
				SWIFT_VERSION = 5.0;
				TARGETED_DEVICE_FAMILY = "1,2";
			};
			name = Release;
		};
/* End XCBuildConfiguration section */

/* Begin XCConfigurationList section */
		CC8D87DE23F77C270098E0D5 /* Build configuration list for PBXProject "TweetSense" */ = {
			isa = XCConfigurationList;
			buildConfigurations = (
				CC8D87F523F77C280098E0D5 /* Debug */,
				CC8D87F623F77C280098E0D5 /* Release */,
			);
			defaultConfigurationIsVisible = 0;
			defaultConfigurationName = Release;
		};
		CC8D87F723F77C280098E0D5 /* Build configuration list for PBXNativeTarget "TweetSense" */ = {
			isa = XCConfigurationList;
			buildConfigurations = (
				CC8D87F823F77C280098E0D5 /* Debug */,
				CC8D87F923F77C280098E0D5 /* Release */,
			);
			defaultConfigurationIsVisible = 0;
			defaultConfigurationName = Release;
		};
/* End XCConfigurationList section */
	};
	rootObject = CC8D87DB23F77C270098E0D5 /* Project object */;
}
